// !$*UTF8*$!
{
	archiveVersion = 1;
	classes = {
	};
	objectVersion = 46;
	objects = {

/* Begin PBXBuildFile section */
		A52A92091D1CC5880005E26E /* UIKit.framework in Frameworks */ = {isa = PBXBuildFile; fileRef = A52A92081D1CC5880005E26E /* UIKit.framework */; };
		A52A920B1D1CC5900005E26E /* CoreGraphics.framework in Frameworks */ = {isa = PBXBuildFile; fileRef = A52A920A1D1CC5900005E26E /* CoreGraphics.framework */; };
		A52A920D1D1CC5990005E26E /* Foundation.framework in Frameworks */ = {isa = PBXBuildFile; fileRef = A52A920C1D1CC5990005E26E /* Foundation.framework */; };
		A52A921B1D1CDDCD0005E26E /* ClassificationController.m in Sources */ = {isa = PBXBuildFile; fileRef = A52A92111D1CDDCD0005E26E /* ClassificationController.m */; };
		A52A921C1D1CDDCD0005E26E /* ClassificationModel.m in Sources */ = {isa = PBXBuildFile; fileRef = A52A92141D1CDDCD0005E26E /* ClassificationModel.m */; };
		A52A921D1D1CDDCD0005E26E /* ClassificationCell.m in Sources */ = {isa = PBXBuildFile; fileRef = A52A92171D1CDDCD0005E26E /* ClassificationCell.m */; };
		A52A921E1D1CDDCD0005E26E /* ClassificationCell.xib in Resources */ = {isa = PBXBuildFile; fileRef = A52A92181D1CDDCD0005E26E /* ClassificationCell.xib */; };
		A52A921F1D1CDDCD0005E26E /* ClassificationView.m in Sources */ = {isa = PBXBuildFile; fileRef = A52A921A1D1CDDCD0005E26E /* ClassificationView.m */; };
		A52A92251D1CE0790005E26E /* AnchorViewController.m in Sources */ = {isa = PBXBuildFile; fileRef = A52A92231D1CE0790005E26E /* AnchorViewController.m */; };
		A52A92261D1CE0790005E26E /* AnchorViewController.xib in Resources */ = {isa = PBXBuildFile; fileRef = A52A92241D1CE0790005E26E /* AnchorViewController.xib */; };
		A52A922A1D1CE0890005E26E /* RadioViewController.m in Sources */ = {isa = PBXBuildFile; fileRef = A52A92281D1CE0890005E26E /* RadioViewController.m */; };
		A52A922B1D1CE0890005E26E /* RadioViewController.xib in Resources */ = {isa = PBXBuildFile; fileRef = A52A92291D1CE0890005E26E /* RadioViewController.xib */; };
		A52A922E1D1CE3600005E26E /* SmallTools.m in Sources */ = {isa = PBXBuildFile; fileRef = A52A922D1D1CE3600005E26E /* SmallTools.m */; };
		A57E60841D1BE159007EF7F1 /* Main.storyboard in Resources */ = {isa = PBXBuildFile; fileRef = A57E60821D1BE159007EF7F1 /* Main.storyboard */; };
		A57E60861D1BE159007EF7F1 /* Assets.xcassets in Resources */ = {isa = PBXBuildFile; fileRef = A57E60851D1BE159007EF7F1 /* Assets.xcassets */; };
		A57E60891D1BE159007EF7F1 /* LaunchScreen.storyboard in Resources */ = {isa = PBXBuildFile; fileRef = A57E60871D1BE159007EF7F1 /* LaunchScreen.storyboard */; };
		D61922CA1D1CD8A20008648A /* AppDelegate.m in Sources */ = {isa = PBXBuildFile; fileRef = D61922791D1CD8A20008648A /* AppDelegate.m */; };
		D61922CB1D1CD8A20008648A /* DrawerViewController.m in Sources */ = {isa = PBXBuildFile; fileRef = D619227C1D1CD8A20008648A /* DrawerViewController.m */; };
		D61922CC1D1CD8A20008648A /* DrawerViewController.xib in Resources */ = {isa = PBXBuildFile; fileRef = D619227D1D1CD8A20008648A /* DrawerViewController.xib */; };
		D61922CD1D1CD8A20008648A /* HeadView.m in Sources */ = {isa = PBXBuildFile; fileRef = D61922821D1CD8A20008648A /* HeadView.m */; };
		D61922CE1D1CD8A20008648A /* Request.m in Sources */ = {isa = PBXBuildFile; fileRef = D61922841D1CD8A20008648A /* Request.m */; };
		D61922CF1D1CD8A20008648A /* shuffingNetRequest.m in Sources */ = {isa = PBXBuildFile; fileRef = D61922861D1CD8A20008648A /* shuffingNetRequest.m */; };
		D61922D01D1CD8A20008648A /* shufflingModel.m in Sources */ = {isa = PBXBuildFile; fileRef = D619228B1D1CD8A20008648A /* shufflingModel.m */; };
		D61922D11D1CD8A20008648A /* left_list.png in Resources */ = {isa = PBXBuildFile; fileRef = D619228D1D1CD8A20008648A /* left_list.png */; };
		D61922D21D1CD8A20008648A /* BaseCell.m in Sources */ = {isa = PBXBuildFile; fileRef = D61922911D1CD8A20008648A /* BaseCell.m */; };
		D61922D31D1CD8A20008648A /* BaseCell.xib in Resources */ = {isa = PBXBuildFile; fileRef = D61922921D1CD8A20008648A /* BaseCell.xib */; };
		D61922D41D1CD8A20008648A /* BaseModel.m in Sources */ = {isa = PBXBuildFile; fileRef = D61922941D1CD8A20008648A /* BaseModel.m */; };
		D61922D51D1CD8A20008648A /* BaseNavigationViewController.m in Sources */ = {isa = PBXBuildFile; fileRef = D61922961D1CD8A20008648A /* BaseNavigationViewController.m */; };
		D61922D61D1CD8A20008648A /* BaseView.m in Sources */ = {isa = PBXBuildFile; fileRef = D61922981D1CD8A20008648A /* BaseView.m */; };
		D61922D71D1CD8A20008648A /* BaseViewController.m in Sources */ = {isa = PBXBuildFile; fileRef = D619229A1D1CD8A20008648A /* BaseViewController.m */; };
		D61922D81D1CD8A20008648A /* BaseViewController.xib in Resources */ = {isa = PBXBuildFile; fileRef = D619229B1D1CD8A20008648A /* BaseViewController.xib */; };
		D61922E31D1CD8A20008648A /* RecommendViewController.m in Sources */ = {isa = PBXBuildFile; fileRef = D61922C01D1CD8A20008648A /* RecommendViewController.m */; };
		D61922E41D1CD8A20008648A /* RecommendViewController.xib in Resources */ = {isa = PBXBuildFile; fileRef = D61922C11D1CD8A20008648A /* RecommendViewController.xib */; };
		D61922E91D1CD93F0008648A /* SWRevealViewController.m in Sources */ = {isa = PBXBuildFile; fileRef = D61922E81D1CD93F0008648A /* SWRevealViewController.m */; };
		D61922EA1D1CD9E10008648A /* main.m in Sources */ = {isa = PBXBuildFile; fileRef = A57E607A1D1BE159007EF7F1 /* main.m */; };
		FE77B93FB716BC7ECDC6A2B6 /* libPods-MonkeyFM.a in Frameworks */ = {isa = PBXBuildFile; fileRef = 5336AFD45BF12460228CE937 /* libPods-MonkeyFM.a */; };
/* End PBXBuildFile section */

/* Begin PBXFileReference section */
		2559DFF8A5DBC5D9B69BB834 /* Pods-MonkeyFM.release.xcconfig */ = {isa = PBXFileReference; includeInIndex = 1; lastKnownFileType = text.xcconfig; name = "Pods-MonkeyFM.release.xcconfig"; path = "Pods/Target Support Files/Pods-MonkeyFM/Pods-MonkeyFM.release.xcconfig"; sourceTree = "<group>"; };
		5336AFD45BF12460228CE937 /* libPods-MonkeyFM.a */ = {isa = PBXFileReference; explicitFileType = archive.ar; includeInIndex = 0; path = "libPods-MonkeyFM.a"; sourceTree = BUILT_PRODUCTS_DIR; };
		A52A92081D1CC5880005E26E /* UIKit.framework */ = {isa = PBXFileReference; lastKnownFileType = wrapper.framework; name = UIKit.framework; path = System/Library/Frameworks/UIKit.framework; sourceTree = SDKROOT; };
		A52A920A1D1CC5900005E26E /* CoreGraphics.framework */ = {isa = PBXFileReference; lastKnownFileType = wrapper.framework; name = CoreGraphics.framework; path = System/Library/Frameworks/CoreGraphics.framework; sourceTree = SDKROOT; };
		A52A920C1D1CC5990005E26E /* Foundation.framework */ = {isa = PBXFileReference; lastKnownFileType = wrapper.framework; name = Foundation.framework; path = System/Library/Frameworks/Foundation.framework; sourceTree = SDKROOT; };
		A52A92101D1CDDCD0005E26E /* ClassificationController.h */ = {isa = PBXFileReference; fileEncoding = 4; lastKnownFileType = sourcecode.c.h; path = ClassificationController.h; sourceTree = "<group>"; };
		A52A92111D1CDDCD0005E26E /* ClassificationController.m */ = {isa = PBXFileReference; fileEncoding = 4; lastKnownFileType = sourcecode.c.objc; path = ClassificationController.m; sourceTree = "<group>"; };
		A52A92131D1CDDCD0005E26E /* ClassificationModel.h */ = {isa = PBXFileReference; fileEncoding = 4; lastKnownFileType = sourcecode.c.h; path = ClassificationModel.h; sourceTree = "<group>"; };
		A52A92141D1CDDCD0005E26E /* ClassificationModel.m */ = {isa = PBXFileReference; fileEncoding = 4; lastKnownFileType = sourcecode.c.objc; path = ClassificationModel.m; sourceTree = "<group>"; };
		A52A92161D1CDDCD0005E26E /* ClassificationCell.h */ = {isa = PBXFileReference; fileEncoding = 4; lastKnownFileType = sourcecode.c.h; path = ClassificationCell.h; sourceTree = "<group>"; };
		A52A92171D1CDDCD0005E26E /* ClassificationCell.m */ = {isa = PBXFileReference; fileEncoding = 4; lastKnownFileType = sourcecode.c.objc; path = ClassificationCell.m; sourceTree = "<group>"; };
		A52A92181D1CDDCD0005E26E /* ClassificationCell.xib */ = {isa = PBXFileReference; fileEncoding = 4; lastKnownFileType = file.xib; path = ClassificationCell.xib; sourceTree = "<group>"; };
		A52A92191D1CDDCD0005E26E /* ClassificationView.h */ = {isa = PBXFileReference; fileEncoding = 4; lastKnownFileType = sourcecode.c.h; path = ClassificationView.h; sourceTree = "<group>"; };
		A52A921A1D1CDDCD0005E26E /* ClassificationView.m */ = {isa = PBXFileReference; fileEncoding = 4; lastKnownFileType = sourcecode.c.objc; path = ClassificationView.m; sourceTree = "<group>"; };
		A52A92221D1CE0790005E26E /* AnchorViewController.h */ = {isa = PBXFileReference; fileEncoding = 4; lastKnownFileType = sourcecode.c.h; path = AnchorViewController.h; sourceTree = "<group>"; };
		A52A92231D1CE0790005E26E /* AnchorViewController.m */ = {isa = PBXFileReference; fileEncoding = 4; lastKnownFileType = sourcecode.c.objc; path = AnchorViewController.m; sourceTree = "<group>"; };
		A52A92241D1CE0790005E26E /* AnchorViewController.xib */ = {isa = PBXFileReference; fileEncoding = 4; lastKnownFileType = file.xib; path = AnchorViewController.xib; sourceTree = "<group>"; };
		A52A92271D1CE0890005E26E /* RadioViewController.h */ = {isa = PBXFileReference; fileEncoding = 4; lastKnownFileType = sourcecode.c.h; path = RadioViewController.h; sourceTree = "<group>"; };
		A52A92281D1CE0890005E26E /* RadioViewController.m */ = {isa = PBXFileReference; fileEncoding = 4; lastKnownFileType = sourcecode.c.objc; path = RadioViewController.m; sourceTree = "<group>"; };
		A52A92291D1CE0890005E26E /* RadioViewController.xib */ = {isa = PBXFileReference; fileEncoding = 4; lastKnownFileType = file.xib; path = RadioViewController.xib; sourceTree = "<group>"; };
		A52A922C1D1CE3600005E26E /* SmallTools.h */ = {isa = PBXFileReference; fileEncoding = 4; lastKnownFileType = sourcecode.c.h; path = SmallTools.h; sourceTree = "<group>"; };
		A52A922D1D1CE3600005E26E /* SmallTools.m */ = {isa = PBXFileReference; fileEncoding = 4; lastKnownFileType = sourcecode.c.objc; path = SmallTools.m; sourceTree = "<group>"; };
		A52A92301D1CE71C0005E26E /* MFM_URL.h */ = {isa = PBXFileReference; fileEncoding = 4; lastKnownFileType = sourcecode.c.h; path = MFM_URL.h; sourceTree = "<group>"; };
		A52A92311D1CE7610005E26E /* MFM_Tool_COLOR.h */ = {isa = PBXFileReference; fileEncoding = 4; lastKnownFileType = sourcecode.c.h; path = MFM_Tool_COLOR.h; sourceTree = "<group>"; };
		A52A92321D1CE7930005E26E /* Sinleton.h */ = {isa = PBXFileReference; lastKnownFileType = sourcecode.c.h; path = Sinleton.h; sourceTree = "<group>"; };
		A57E60761D1BE159007EF7F1 /* MonkeyFM.app */ = {isa = PBXFileReference; explicitFileType = wrapper.application; includeInIndex = 0; path = MonkeyFM.app; sourceTree = BUILT_PRODUCTS_DIR; };
		A57E607A1D1BE159007EF7F1 /* main.m */ = {isa = PBXFileReference; lastKnownFileType = sourcecode.c.objc; path = main.m; sourceTree = "<group>"; };
		A57E607F1D1BE159007EF7F1 /* ViewController.h */ = {isa = PBXFileReference; lastKnownFileType = sourcecode.c.h; path = ViewController.h; sourceTree = "<group>"; };
		A57E60801D1BE159007EF7F1 /* ViewController.m */ = {isa = PBXFileReference; lastKnownFileType = sourcecode.c.objc; path = ViewController.m; sourceTree = "<group>"; };
		A57E60831D1BE159007EF7F1 /* Base */ = {isa = PBXFileReference; lastKnownFileType = file.storyboard; name = Base; path = Base.lproj/Main.storyboard; sourceTree = "<group>"; };
		A57E60851D1BE159007EF7F1 /* Assets.xcassets */ = {isa = PBXFileReference; lastKnownFileType = folder.assetcatalog; path = Assets.xcassets; sourceTree = "<group>"; };
		A57E60881D1BE159007EF7F1 /* Base */ = {isa = PBXFileReference; lastKnownFileType = file.storyboard; name = Base; path = Base.lproj/LaunchScreen.storyboard; sourceTree = "<group>"; };
		A57E608A1D1BE159007EF7F1 /* Info.plist */ = {isa = PBXFileReference; lastKnownFileType = text.plist.xml; path = Info.plist; sourceTree = "<group>"; };
		AE7407C7F972658D06FEA1B5 /* Pods-MonkeyFM.debug.xcconfig */ = {isa = PBXFileReference; includeInIndex = 1; lastKnownFileType = text.xcconfig; name = "Pods-MonkeyFM.debug.xcconfig"; path = "Pods/Target Support Files/Pods-MonkeyFM/Pods-MonkeyFM.debug.xcconfig"; sourceTree = "<group>"; };
		D61922781D1CD8A20008648A /* AppDelegate.h */ = {isa = PBXFileReference; fileEncoding = 4; lastKnownFileType = sourcecode.c.h; path = AppDelegate.h; sourceTree = "<group>"; };
		D61922791D1CD8A20008648A /* AppDelegate.m */ = {isa = PBXFileReference; fileEncoding = 4; lastKnownFileType = sourcecode.c.objc; path = AppDelegate.m; sourceTree = "<group>"; };
		D619227B1D1CD8A20008648A /* DrawerViewController.h */ = {isa = PBXFileReference; fileEncoding = 4; lastKnownFileType = sourcecode.c.h; path = DrawerViewController.h; sourceTree = "<group>"; };
		D619227C1D1CD8A20008648A /* DrawerViewController.m */ = {isa = PBXFileReference; fileEncoding = 4; lastKnownFileType = sourcecode.c.objc; path = DrawerViewController.m; sourceTree = "<group>"; };
		D619227D1D1CD8A20008648A /* DrawerViewController.xib */ = {isa = PBXFileReference; fileEncoding = 4; lastKnownFileType = file.xib; path = DrawerViewController.xib; sourceTree = "<group>"; };
		D61922811D1CD8A20008648A /* HeadView.h */ = {isa = PBXFileReference; fileEncoding = 4; lastKnownFileType = sourcecode.c.h; path = HeadView.h; sourceTree = "<group>"; };
		D61922821D1CD8A20008648A /* HeadView.m */ = {isa = PBXFileReference; fileEncoding = 4; lastKnownFileType = sourcecode.c.objc; path = HeadView.m; sourceTree = "<group>"; };
		D61922831D1CD8A20008648A /* Request.h */ = {isa = PBXFileReference; fileEncoding = 4; lastKnownFileType = sourcecode.c.h; path = Request.h; sourceTree = "<group>"; };
		D61922841D1CD8A20008648A /* Request.m */ = {isa = PBXFileReference; fileEncoding = 4; lastKnownFileType = sourcecode.c.objc; path = Request.m; sourceTree = "<group>"; };
		D61922851D1CD8A20008648A /* shuffingNetRequest.h */ = {isa = PBXFileReference; fileEncoding = 4; lastKnownFileType = sourcecode.c.h; path = shuffingNetRequest.h; sourceTree = "<group>"; };
		D61922861D1CD8A20008648A /* shuffingNetRequest.m */ = {isa = PBXFileReference; fileEncoding = 4; lastKnownFileType = sourcecode.c.objc; path = shuffingNetRequest.m; sourceTree = "<group>"; };
		D61922871D1CD8A20008648A /* URL.h */ = {isa = PBXFileReference; fileEncoding = 4; lastKnownFileType = sourcecode.c.h; path = URL.h; sourceTree = "<group>"; };
		D619228A1D1CD8A20008648A /* shufflingModel.h */ = {isa = PBXFileReference; fileEncoding = 4; lastKnownFileType = sourcecode.c.h; path = shufflingModel.h; sourceTree = "<group>"; };
		D619228B1D1CD8A20008648A /* shufflingModel.m */ = {isa = PBXFileReference; fileEncoding = 4; lastKnownFileType = sourcecode.c.objc; path = shufflingModel.m; sourceTree = "<group>"; };
		D619228D1D1CD8A20008648A /* left_list.png */ = {isa = PBXFileReference; lastKnownFileType = image.png; path = left_list.png; sourceTree = "<group>"; };
		D61922901D1CD8A20008648A /* BaseCell.h */ = {isa = PBXFileReference; fileEncoding = 4; lastKnownFileType = sourcecode.c.h; path = BaseCell.h; sourceTree = "<group>"; };
		D61922911D1CD8A20008648A /* BaseCell.m */ = {isa = PBXFileReference; fileEncoding = 4; lastKnownFileType = sourcecode.c.objc; path = BaseCell.m; sourceTree = "<group>"; };
		D61922921D1CD8A20008648A /* BaseCell.xib */ = {isa = PBXFileReference; fileEncoding = 4; lastKnownFileType = file.xib; path = BaseCell.xib; sourceTree = "<group>"; };
		D61922931D1CD8A20008648A /* BaseModel.h */ = {isa = PBXFileReference; fileEncoding = 4; lastKnownFileType = sourcecode.c.h; path = BaseModel.h; sourceTree = "<group>"; };
		D61922941D1CD8A20008648A /* BaseModel.m */ = {isa = PBXFileReference; fileEncoding = 4; lastKnownFileType = sourcecode.c.objc; path = BaseModel.m; sourceTree = "<group>"; };
		D61922951D1CD8A20008648A /* BaseNavigationViewController.h */ = {isa = PBXFileReference; fileEncoding = 4; lastKnownFileType = sourcecode.c.h; path = BaseNavigationViewController.h; sourceTree = "<group>"; };
		D61922961D1CD8A20008648A /* BaseNavigationViewController.m */ = {isa = PBXFileReference; fileEncoding = 4; lastKnownFileType = sourcecode.c.objc; path = BaseNavigationViewController.m; sourceTree = "<group>"; };
		D61922971D1CD8A20008648A /* BaseView.h */ = {isa = PBXFileReference; fileEncoding = 4; lastKnownFileType = sourcecode.c.h; path = BaseView.h; sourceTree = "<group>"; };
		D61922981D1CD8A20008648A /* BaseView.m */ = {isa = PBXFileReference; fileEncoding = 4; lastKnownFileType = sourcecode.c.objc; path = BaseView.m; sourceTree = "<group>"; };
		D61922991D1CD8A20008648A /* BaseViewController.h */ = {isa = PBXFileReference; fileEncoding = 4; lastKnownFileType = sourcecode.c.h; path = BaseViewController.h; sourceTree = "<group>"; };
		D619229A1D1CD8A20008648A /* BaseViewController.m */ = {isa = PBXFileReference; fileEncoding = 4; lastKnownFileType = sourcecode.c.objc; path = BaseViewController.m; sourceTree = "<group>"; };
		D619229B1D1CD8A20008648A /* BaseViewController.xib */ = {isa = PBXFileReference; fileEncoding = 4; lastKnownFileType = file.xib; path = BaseViewController.xib; sourceTree = "<group>"; };
		D61922BF1D1CD8A20008648A /* RecommendViewController.h */ = {isa = PBXFileReference; fileEncoding = 4; lastKnownFileType = sourcecode.c.h; path = RecommendViewController.h; sourceTree = "<group>"; };
		D61922C01D1CD8A20008648A /* RecommendViewController.m */ = {isa = PBXFileReference; fileEncoding = 4; lastKnownFileType = sourcecode.c.objc; path = RecommendViewController.m; sourceTree = "<group>"; };
		D61922C11D1CD8A20008648A /* RecommendViewController.xib */ = {isa = PBXFileReference; fileEncoding = 4; lastKnownFileType = file.xib; path = RecommendViewController.xib; sourceTree = "<group>"; };
		D61922E71D1CD93F0008648A /* SWRevealViewController.h */ = {isa = PBXFileReference; fileEncoding = 4; lastKnownFileType = sourcecode.c.h; path = SWRevealViewController.h; sourceTree = "<group>"; };
		D61922E81D1CD93F0008648A /* SWRevealViewController.m */ = {isa = PBXFileReference; fileEncoding = 4; lastKnownFileType = sourcecode.c.objc; path = SWRevealViewController.m; sourceTree = "<group>"; };
/* End PBXFileReference section */

/* Begin PBXFrameworksBuildPhase section */
		A57E60731D1BE159007EF7F1 /* Frameworks */ = {
			isa = PBXFrameworksBuildPhase;
			buildActionMask = 2147483647;
			files = (
				A52A920D1D1CC5990005E26E /* Foundation.framework in Frameworks */,
				A52A920B1D1CC5900005E26E /* CoreGraphics.framework in Frameworks */,
				A52A92091D1CC5880005E26E /* UIKit.framework in Frameworks */,
				FE77B93FB716BC7ECDC6A2B6 /* libPods-MonkeyFM.a in Frameworks */,
			);
			runOnlyForDeploymentPostprocessing = 0;
		};
/* End PBXFrameworksBuildPhase section */

/* Begin PBXGroup section */
		56115F0FD4C90EFAF5A1BDD0 /* Pods */ = {
			isa = PBXGroup;
			children = (
				AE7407C7F972658D06FEA1B5 /* Pods-MonkeyFM.debug.xcconfig */,
				2559DFF8A5DBC5D9B69BB834 /* Pods-MonkeyFM.release.xcconfig */,
			);
			name = Pods;
			sourceTree = "<group>";
		};
		A52A920E1D1CDDCD0005E26E /* Classification(分类) */ = {
			isa = PBXGroup;
			children = (
				A52A920F1D1CDDCD0005E26E /* Controller */,
				A52A92121D1CDDCD0005E26E /* Model */,
				A52A92151D1CDDCD0005E26E /* View */,
			);
			path = "Classification(分类)";
			sourceTree = "<group>";
		};
		A52A920F1D1CDDCD0005E26E /* Controller */ = {
			isa = PBXGroup;
			children = (
				A52A92101D1CDDCD0005E26E /* ClassificationController.h */,
				A52A92111D1CDDCD0005E26E /* ClassificationController.m */,
			);
			path = Controller;
			sourceTree = "<group>";
		};
		A52A92121D1CDDCD0005E26E /* Model */ = {
			isa = PBXGroup;
			children = (
				A52A92131D1CDDCD0005E26E /* ClassificationModel.h */,
				A52A92141D1CDDCD0005E26E /* ClassificationModel.m */,
			);
			path = Model;
			sourceTree = "<group>";
		};
		A52A92151D1CDDCD0005E26E /* View */ = {
			isa = PBXGroup;
			children = (
				A52A92161D1CDDCD0005E26E /* ClassificationCell.h */,
				A52A92171D1CDDCD0005E26E /* ClassificationCell.m */,
				A52A92181D1CDDCD0005E26E /* ClassificationCell.xib */,
				A52A92191D1CDDCD0005E26E /* ClassificationView.h */,
				A52A921A1D1CDDCD0005E26E /* ClassificationView.m */,
			);
			path = View;
			sourceTree = "<group>";
		};
		A52A92201D1CE0560005E26E /* Controller */ = {
			isa = PBXGroup;
			children = (
				A52A92221D1CE0790005E26E /* AnchorViewController.h */,
				A52A92231D1CE0790005E26E /* AnchorViewController.m */,
				A52A92241D1CE0790005E26E /* AnchorViewController.xib */,
			);
			path = Controller;
			sourceTree = "<group>";
		};
		A52A92211D1CE0660005E26E /* Controller */ = {
			isa = PBXGroup;
			children = (
				A52A92271D1CE0890005E26E /* RadioViewController.h */,
				A52A92281D1CE0890005E26E /* RadioViewController.m */,
				A52A92291D1CE0890005E26E /* RadioViewController.xib */,
			);
			path = Controller;
			sourceTree = "<group>";
		};
		A57E606D1D1BE159007EF7F1 = {
			isa = PBXGroup;
			children = (
				A57E60781D1BE159007EF7F1 /* MonkeyFM */,
				A57E60771D1BE159007EF7F1 /* Products */,
				56115F0FD4C90EFAF5A1BDD0 /* Pods */,
				DA675FF270CCF4B89ECD1891 /* Frameworks */,
			);
			sourceTree = "<group>";
		};
		A57E60771D1BE159007EF7F1 /* Products */ = {
			isa = PBXGroup;
			children = (
				A57E60761D1BE159007EF7F1 /* MonkeyFM.app */,
			);
			name = Products;
			sourceTree = "<group>";
		};
		A57E60781D1BE159007EF7F1 /* MonkeyFM */ = {
			isa = PBXGroup;
			children = (
				D61922761D1CD8A20008648A /* Classes */,
				A57E607F1D1BE159007EF7F1 /* ViewController.h */,
				A57E60801D1BE159007EF7F1 /* ViewController.m */,
				A57E60791D1BE159007EF7F1 /* Supporting Files */,
			);
			path = MonkeyFM;
			sourceTree = "<group>";
		};
		A57E60791D1BE159007EF7F1 /* Supporting Files */ = {
			isa = PBXGroup;
			children = (
				A57E60821D1BE159007EF7F1 /* Main.storyboard */,
				A57E60851D1BE159007EF7F1 /* Assets.xcassets */,
				A57E60871D1BE159007EF7F1 /* LaunchScreen.storyboard */,
				A57E608A1D1BE159007EF7F1 /* Info.plist */,
				A57E607A1D1BE159007EF7F1 /* main.m */,
			);
			name = "Supporting Files";
			sourceTree = "<group>";
		};
		D61922761D1CD8A20008648A /* Classes */ = {
			isa = PBXGroup;
			children = (
				D61922771D1CD8A20008648A /* AppDelegate */,
				D619227E1D1CD8A20008648A /* General */,
				D61922801D1CD8A20008648A /* Helpers */,
				D61922881D1CD8A20008648A /* Marco */,
				D61922891D1CD8A20008648A /* Models */,
				D619228C1D1CD8A20008648A /* Resources */,
				D619228E1D1CD8A20008648A /* Scenes */,
				D61922C61D1CD8A20008648A /* Vendors */,
			);
			path = Classes;
			sourceTree = "<group>";
		};
		D61922771D1CD8A20008648A /* AppDelegate */ = {
			isa = PBXGroup;
			children = (
				D61922781D1CD8A20008648A /* AppDelegate.h */,
				D61922791D1CD8A20008648A /* AppDelegate.m */,
				D619227A1D1CD8A20008648A /* RootViewController */,
			);
			path = AppDelegate;
			sourceTree = "<group>";
		};
		D619227A1D1CD8A20008648A /* RootViewController */ = {
			isa = PBXGroup;
			children = (
				D619227B1D1CD8A20008648A /* DrawerViewController.h */,
				D619227C1D1CD8A20008648A /* DrawerViewController.m */,
				D619227D1D1CD8A20008648A /* DrawerViewController.xib */,
			);
			path = RootViewController;
			sourceTree = "<group>";
		};
		D619227E1D1CD8A20008648A /* General */ = {
			isa = PBXGroup;
			children = (
				D619227F1D1CD8A20008648A /* Categories */,
			);
			path = General;
			sourceTree = "<group>";
		};
		D619227F1D1CD8A20008648A /* Categories */ = {
			isa = PBXGroup;
			children = (
			);
			path = Categories;
			sourceTree = "<group>";
		};
		D61922801D1CD8A20008648A /* Helpers */ = {
			isa = PBXGroup;
			children = (
				D61922811D1CD8A20008648A /* HeadView.h */,
				D61922821D1CD8A20008648A /* HeadView.m */,
				D61922831D1CD8A20008648A /* Request.h */,
				D61922841D1CD8A20008648A /* Request.m */,
				D61922851D1CD8A20008648A /* shuffingNetRequest.h */,
				D61922861D1CD8A20008648A /* shuffingNetRequest.m */,
				D61922871D1CD8A20008648A /* URL.h */,
				A52A922C1D1CE3600005E26E /* SmallTools.h */,
				A52A922D1D1CE3600005E26E /* SmallTools.m */,
			);
			path = Helpers;
			sourceTree = "<group>";
		};
		D61922881D1CD8A20008648A /* Marco */ = {
			isa = PBXGroup;
			children = (
				A52A92301D1CE71C0005E26E /* MFM_URL.h */,
				A52A92311D1CE7610005E26E /* MFM_Tool_COLOR.h */,
				A52A92321D1CE7930005E26E /* Sinleton.h */,
			);
			path = Marco;
			sourceTree = "<group>";
		};
		D61922891D1CD8A20008648A /* Models */ = {
			isa = PBXGroup;
			children = (
				D619228A1D1CD8A20008648A /* shufflingModel.h */,
				D619228B1D1CD8A20008648A /* shufflingModel.m */,
			);
			path = Models;
			sourceTree = "<group>";
		};
		D619228C1D1CD8A20008648A /* Resources */ = {
			isa = PBXGroup;
			children = (
				D619228D1D1CD8A20008648A /* left_list.png */,
			);
			path = Resources;
			sourceTree = "<group>";
		};
		D619228E1D1CD8A20008648A /* Scenes */ = {
			isa = PBXGroup;
			children = (
				D619228F1D1CD8A20008648A /* Bases（基础公共） */,
				D61922A01D1CD8A20008648A /* Discover（发现） */,
				D61922C21D1CD8A20008648A /* Mine（我的） */,
			);
			path = Scenes;
			sourceTree = "<group>";
		};
		D619228F1D1CD8A20008648A /* Bases（基础公共） */ = {
			isa = PBXGroup;
			children = (
				D61922901D1CD8A20008648A /* BaseCell.h */,
				D61922911D1CD8A20008648A /* BaseCell.m */,
				D61922921D1CD8A20008648A /* BaseCell.xib */,
				D61922931D1CD8A20008648A /* BaseModel.h */,
				D61922941D1CD8A20008648A /* BaseModel.m */,
				D61922951D1CD8A20008648A /* BaseNavigationViewController.h */,
				D61922961D1CD8A20008648A /* BaseNavigationViewController.m */,
				D61922971D1CD8A20008648A /* BaseView.h */,
				D61922981D1CD8A20008648A /* BaseView.m */,
				D61922991D1CD8A20008648A /* BaseViewController.h */,
				D619229A1D1CD8A20008648A /* BaseViewController.m */,
				D619229B1D1CD8A20008648A /* BaseViewController.xib */,
				D619229C1D1CD8A20008648A /* DisPlayList（展示列表） */,
				D619229D1D1CD8A20008648A /* PlayerDetail（播放详情） */,
				D619229E1D1CD8A20008648A /* PlayerList（播放列表） */,
				D619229F1D1CD8A20008648A /* RadioPlayerDetail（电台播放详情） */,
			);
			path = "Bases（基础公共）";
			sourceTree = "<group>";
		};
		D619229C1D1CD8A20008648A /* DisPlayList（展示列表） */ = {
			isa = PBXGroup;
			children = (
			);
			path = "DisPlayList（展示列表）";
			sourceTree = "<group>";
		};
		D619229D1D1CD8A20008648A /* PlayerDetail（播放详情） */ = {
			isa = PBXGroup;
			children = (
			);
			path = "PlayerDetail（播放详情）";
			sourceTree = "<group>";
		};
		D619229E1D1CD8A20008648A /* PlayerList（播放列表） */ = {
			isa = PBXGroup;
			children = (
			);
			path = "PlayerList（播放列表）";
			sourceTree = "<group>";
		};
		D619229F1D1CD8A20008648A /* RadioPlayerDetail（电台播放详情） */ = {
			isa = PBXGroup;
			children = (
			);
			path = "RadioPlayerDetail（电台播放详情）";
			sourceTree = "<group>";
		};
		D61922A01D1CD8A20008648A /* Discover（发现） */ = {
			isa = PBXGroup;
			children = (
				A52A920E1D1CDDCD0005E26E /* Classification(分类) */,
				D61922A11D1CD8A20008648A /* Anchor（主播） */,
				D61922BC1D1CD8A20008648A /* Radio（电台） */,
				D61922BD1D1CD8A20008648A /* Recommend（推荐） */,
			);
			path = "Discover（发现）";
			sourceTree = "<group>";
		};
		D61922A11D1CD8A20008648A /* Anchor（主播） */ = {
			isa = PBXGroup;
			children = (
				A52A92201D1CE0560005E26E /* Controller */,
			);
			path = "Anchor（主播）";
			sourceTree = "<group>";
		};
		D61922BC1D1CD8A20008648A /* Radio（电台） */ = {
			isa = PBXGroup;
			children = (
				A52A92211D1CE0660005E26E /* Controller */,
			);
			path = "Radio（电台）";
			sourceTree = "<group>";
		};
		D61922BD1D1CD8A20008648A /* Recommend（推荐） */ = {
			isa = PBXGroup;
			children = (
				D61922BE1D1CD8A20008648A /* Controller */,
			);
			path = "Recommend（推荐）";
			sourceTree = "<group>";
		};
		D61922BE1D1CD8A20008648A /* Controller */ = {
			isa = PBXGroup;
			children = (
				D61922BF1D1CD8A20008648A /* RecommendViewController.h */,
				D61922C01D1CD8A20008648A /* RecommendViewController.m */,
				D61922C11D1CD8A20008648A /* RecommendViewController.xib */,
			);
			path = Controller;
			sourceTree = "<group>";
		};
		D61922C21D1CD8A20008648A /* Mine（我的） */ = {
			isa = PBXGroup;
			children = (
				D61922C31D1CD8A20008648A /* Login */,
				D61922C41D1CD8A20008648A /* Register */,
				D61922C51D1CD8A20008648A /* User */,
			);
			path = "Mine（我的）";
			sourceTree = "<group>";
		};
		D61922C31D1CD8A20008648A /* Login */ = {
			isa = PBXGroup;
			children = (
			);
			path = Login;
			sourceTree = "<group>";
		};
		D61922C41D1CD8A20008648A /* Register */ = {
			isa = PBXGroup;
			children = (
			);
			path = Register;
			sourceTree = "<group>";
		};
		D61922C51D1CD8A20008648A /* User */ = {
			isa = PBXGroup;
			children = (
			);
			path = User;
			sourceTree = "<group>";
		};
		D61922C61D1CD8A20008648A /* Vendors */ = {
			isa = PBXGroup;
			children = (
				D61922E61D1CD93F0008648A /* SWRevealViewController */,
			);
			path = Vendors;
			sourceTree = "<group>";
		};
		D61922E61D1CD93F0008648A /* SWRevealViewController */ = {
			isa = PBXGroup;
			children = (
				D61922E71D1CD93F0008648A /* SWRevealViewController.h */,
				D61922E81D1CD93F0008648A /* SWRevealViewController.m */,
			);
			path = SWRevealViewController;
			sourceTree = "<group>";
		};
		DA675FF270CCF4B89ECD1891 /* Frameworks */ = {
			isa = PBXGroup;
			children = (
				A52A920C1D1CC5990005E26E /* Foundation.framework */,
				A52A920A1D1CC5900005E26E /* CoreGraphics.framework */,
				A52A92081D1CC5880005E26E /* UIKit.framework */,
				5336AFD45BF12460228CE937 /* libPods-MonkeyFM.a */,
			);
			name = Frameworks;
			sourceTree = "<group>";
		};
/* End PBXGroup section */

/* Begin PBXNativeTarget section */
		A57E60751D1BE159007EF7F1 /* MonkeyFM */ = {
			isa = PBXNativeTarget;
			buildConfigurationList = A57E608D1D1BE159007EF7F1 /* Build configuration list for PBXNativeTarget "MonkeyFM" */;
			buildPhases = (
				B691471E8C72E957D0D6912F /* [CP] Check Pods Manifest.lock */,
				309006141FFBD1332B36D266 /* [CP] Check Pods Manifest.lock */,
				A57E60721D1BE159007EF7F1 /* Sources */,
				A57E60731D1BE159007EF7F1 /* Frameworks */,
				A57E60741D1BE159007EF7F1 /* Resources */,
				CE9CC9381A3A8D1CA8EDD784 /* [CP] Embed Pods Frameworks */,
				7349BCA6BE4C8A09C2AD1868 /* [CP] Copy Pods Resources */,
				A13A89AB02A6F8CE3BED561F /* 📦 Embed Pods Frameworks */,
				BE00E1CB45AAE204C4F85B21 /* 📦 Copy Pods Resources */,
			);
			buildRules = (
			);
			dependencies = (
			);
			name = MonkeyFM;
			productName = MonkeyFM;
			productReference = A57E60761D1BE159007EF7F1 /* MonkeyFM.app */;
			productType = "com.apple.product-type.application";
		};
/* End PBXNativeTarget section */

/* Begin PBXProject section */
		A57E606E1D1BE159007EF7F1 /* Project object */ = {
			isa = PBXProject;
			attributes = {
				LastUpgradeCheck = 0730;
				ORGANIZATIONNAME = FGProject;
				TargetAttributes = {
					A57E60751D1BE159007EF7F1 = {
						CreatedOnToolsVersion = 7.3.1;
					};
				};
			};
			buildConfigurationList = A57E60711D1BE159007EF7F1 /* Build configuration list for PBXProject "MonkeyFM" */;
			compatibilityVersion = "Xcode 3.2";
			developmentRegion = English;
			hasScannedForEncodings = 0;
			knownRegions = (
				en,
				Base,
			);
			mainGroup = A57E606D1D1BE159007EF7F1;
			productRefGroup = A57E60771D1BE159007EF7F1 /* Products */;
			projectDirPath = "";
			projectRoot = "";
			targets = (
				A57E60751D1BE159007EF7F1 /* MonkeyFM */,
			);
		};
/* End PBXProject section */

/* Begin PBXResourcesBuildPhase section */
		A57E60741D1BE159007EF7F1 /* Resources */ = {
			isa = PBXResourcesBuildPhase;
			buildActionMask = 2147483647;
			files = (
				A57E60891D1BE159007EF7F1 /* LaunchScreen.storyboard in Resources */,
				A52A922B1D1CE0890005E26E /* RadioViewController.xib in Resources */,
				D61922CC1D1CD8A20008648A /* DrawerViewController.xib in Resources */,
				D61922D31D1CD8A20008648A /* BaseCell.xib in Resources */,
				D61922D11D1CD8A20008648A /* left_list.png in Resources */,
				A52A921E1D1CDDCD0005E26E /* ClassificationCell.xib in Resources */,
				A52A92261D1CE0790005E26E /* AnchorViewController.xib in Resources */,
				A57E60861D1BE159007EF7F1 /* Assets.xcassets in Resources */,
				D61922D81D1CD8A20008648A /* BaseViewController.xib in Resources */,
				A57E60841D1BE159007EF7F1 /* Main.storyboard in Resources */,
				D61922E41D1CD8A20008648A /* RecommendViewController.xib in Resources */,
			);
			runOnlyForDeploymentPostprocessing = 0;
		};
/* End PBXResourcesBuildPhase section */

/* Begin PBXShellScriptBuildPhase section */
		309006141FFBD1332B36D266 /* [CP] Check Pods Manifest.lock */ = {
			isa = PBXShellScriptBuildPhase;
			buildActionMask = 2147483647;
			files = (
			);
			inputPaths = (
			);
			name = "[CP] Check Pods Manifest.lock";
			outputPaths = (
			);
			runOnlyForDeploymentPostprocessing = 0;
			shellPath = /bin/sh;
			shellScript = "diff \"${PODS_ROOT}/../Podfile.lock\" \"${PODS_ROOT}/Manifest.lock\" > /dev/null\nif [[ $? != 0 ]] ; then\n    cat << EOM\nerror: The sandbox is not in sync with the Podfile.lock. Run 'pod install' or update your CocoaPods installation.\nEOM\n    exit 1\nfi\n";
			showEnvVarsInLog = 0;
		};
		7349BCA6BE4C8A09C2AD1868 /* [CP] Copy Pods Resources */ = {
			isa = PBXShellScriptBuildPhase;
			buildActionMask = 2147483647;
			files = (
			);
			inputPaths = (
			);
			name = "[CP] Copy Pods Resources";
			outputPaths = (
			);
			runOnlyForDeploymentPostprocessing = 0;
			shellPath = /bin/sh;
			shellScript = "\"${SRCROOT}/Pods/Target Support Files/Pods-MonkeyFM/Pods-MonkeyFM-resources.sh\"\n";
			showEnvVarsInLog = 0;
		};
		A13A89AB02A6F8CE3BED561F /* 📦 Embed Pods Frameworks */ = {
			isa = PBXShellScriptBuildPhase;
			buildActionMask = 2147483647;
			files = (
			);
			inputPaths = (
			);
			name = "📦 Embed Pods Frameworks";
			outputPaths = (
			);
			runOnlyForDeploymentPostprocessing = 0;
			shellPath = /bin/sh;
			shellScript = "\"${SRCROOT}/Pods/Target Support Files/Pods-MonkeyFM/Pods-MonkeyFM-frameworks.sh\"\n";
			showEnvVarsInLog = 0;
		};
		B691471E8C72E957D0D6912F /* [CP] Check Pods Manifest.lock */ = {
			isa = PBXShellScriptBuildPhase;
			buildActionMask = 2147483647;
			files = (
			);
			inputPaths = (
			);
			name = "[CP] Check Pods Manifest.lock";
			outputPaths = (
			);
			runOnlyForDeploymentPostprocessing = 0;
			shellPath = /bin/sh;
			shellScript = "diff \"${PODS_ROOT}/../Podfile.lock\" \"${PODS_ROOT}/Manifest.lock\" > /dev/null\nif [[ $? != 0 ]] ; then\n    cat << EOM\nerror: The sandbox is not in sync with the Podfile.lock. Run 'pod install' or update your CocoaPods installation.\nEOM\n    exit 1\nfi\n";
			showEnvVarsInLog = 0;
		};
		BE00E1CB45AAE204C4F85B21 /* 📦 Copy Pods Resources */ = {
			isa = PBXShellScriptBuildPhase;
			buildActionMask = 2147483647;
			files = (
			);
			inputPaths = (
			);
			name = "📦 Copy Pods Resources";
			outputPaths = (
			);
			runOnlyForDeploymentPostprocessing = 0;
			shellPath = /bin/sh;
			shellScript = "\"${SRCROOT}/Pods/Target Support Files/Pods-MonkeyFM/Pods-MonkeyFM-resources.sh\"\n";
			showEnvVarsInLog = 0;
		};
		CE9CC9381A3A8D1CA8EDD784 /* [CP] Embed Pods Frameworks */ = {
			isa = PBXShellScriptBuildPhase;
			buildActionMask = 2147483647;
			files = (
			);
			inputPaths = (
			);
			name = "[CP] Embed Pods Frameworks";
			outputPaths = (
			);
			runOnlyForDeploymentPostprocessing = 0;
			shellPath = /bin/sh;
			shellScript = "\"${SRCROOT}/Pods/Target Support Files/Pods-MonkeyFM/Pods-MonkeyFM-frameworks.sh\"\n";
			showEnvVarsInLog = 0;
		};
/* End PBXShellScriptBuildPhase section */

/* Begin PBXSourcesBuildPhase section */
		A57E60721D1BE159007EF7F1 /* Sources */ = {
			isa = PBXSourcesBuildPhase;
			buildActionMask = 2147483647;
			files = (
				A52A922E1D1CE3600005E26E /* SmallTools.m in Sources */,
				D61922CA1D1CD8A20008648A /* AppDelegate.m in Sources */,
				D61922E31D1CD8A20008648A /* RecommendViewController.m in Sources */,
				A52A921F1D1CDDCD0005E26E /* ClassificationView.m in Sources */,
				D61922CF1D1CD8A20008648A /* shuffingNetRequest.m in Sources */,
				D61922D71D1CD8A20008648A /* BaseViewController.m in Sources */,
				D61922D41D1CD8A20008648A /* BaseModel.m in Sources */,
				A52A921B1D1CDDCD0005E26E /* ClassificationController.m in Sources */,
				D61922EA1D1CD9E10008648A /* main.m in Sources */,
				D61922CE1D1CD8A20008648A /* Request.m in Sources */,
				D61922E91D1CD93F0008648A /* SWRevealViewController.m in Sources */,
				D61922CB1D1CD8A20008648A /* DrawerViewController.m in Sources */,
				A52A92251D1CE0790005E26E /* AnchorViewController.m in Sources */,
				A52A921D1D1CDDCD0005E26E /* ClassificationCell.m in Sources */,
				D61922D21D1CD8A20008648A /* BaseCell.m in Sources */,
				D61922D01D1CD8A20008648A /* shufflingModel.m in Sources */,
				D61922D61D1CD8A20008648A /* BaseView.m in Sources */,
				A52A921C1D1CDDCD0005E26E /* ClassificationModel.m in Sources */,
				D61922D51D1CD8A20008648A /* BaseNavigationViewController.m in Sources */,
				A52A922A1D1CE0890005E26E /* RadioViewController.m in Sources */,
				D61922CD1D1CD8A20008648A /* HeadView.m in Sources */,
			);
			runOnlyForDeploymentPostprocessing = 0;
		};
/* End PBXSourcesBuildPhase section */

/* Begin PBXVariantGroup section */
		A57E60821D1BE159007EF7F1 /* Main.storyboard */ = {
			isa = PBXVariantGroup;
			children = (
				A57E60831D1BE159007EF7F1 /* Base */,
			);
			name = Main.storyboard;
			sourceTree = "<group>";
		};
		A57E60871D1BE159007EF7F1 /* LaunchScreen.storyboard */ = {
			isa = PBXVariantGroup;
			children = (
				A57E60881D1BE159007EF7F1 /* Base */,
			);
			name = LaunchScreen.storyboard;
			sourceTree = "<group>";
		};
/* End PBXVariantGroup section */

/* Begin XCBuildConfiguration section */
		A57E608B1D1BE159007EF7F1 /* Debug */ = {
			isa = XCBuildConfiguration;
			buildSettings = {
				ALWAYS_SEARCH_USER_PATHS = NO;
				CLANG_ANALYZER_NONNULL = YES;
				CLANG_CXX_LANGUAGE_STANDARD = "gnu++0x";
				CLANG_CXX_LIBRARY = "libc++";
				CLANG_ENABLE_MODULES = YES;
				CLANG_ENABLE_OBJC_ARC = YES;
				CLANG_WARN_BOOL_CONVERSION = YES;
				CLANG_WARN_CONSTANT_CONVERSION = YES;
				CLANG_WARN_DIRECT_OBJC_ISA_USAGE = YES_ERROR;
				CLANG_WARN_EMPTY_BODY = YES;
				CLANG_WARN_ENUM_CONVERSION = YES;
				CLANG_WARN_INT_CONVERSION = YES;
				CLANG_WARN_OBJC_ROOT_CLASS = YES_ERROR;
				CLANG_WARN_UNREACHABLE_CODE = YES;
				CLANG_WARN__DUPLICATE_METHOD_MATCH = YES;
				"CODE_SIGN_IDENTITY[sdk=iphoneos*]" = "iPhone Developer";
				COPY_PHASE_STRIP = NO;
				DEBUG_INFORMATION_FORMAT = dwarf;
				ENABLE_STRICT_OBJC_MSGSEND = YES;
				ENABLE_TESTABILITY = YES;
				GCC_C_LANGUAGE_STANDARD = gnu99;
				GCC_DYNAMIC_NO_PIC = NO;
				GCC_NO_COMMON_BLOCKS = YES;
				GCC_OPTIMIZATION_LEVEL = 0;
				GCC_PREPROCESSOR_DEFINITIONS = (
					"DEBUG=1",
					"$(inherited)",
				);
				GCC_WARN_64_TO_32_BIT_CONVERSION = YES;
				GCC_WARN_ABOUT_RETURN_TYPE = YES_ERROR;
				GCC_WARN_UNDECLARED_SELECTOR = YES;
				GCC_WARN_UNINITIALIZED_AUTOS = YES_AGGRESSIVE;
				GCC_WARN_UNUSED_FUNCTION = YES;
				GCC_WARN_UNUSED_VARIABLE = YES;
				IPHONEOS_DEPLOYMENT_TARGET = 9.3;
				MTL_ENABLE_DEBUG_INFO = YES;
				ONLY_ACTIVE_ARCH = YES;
				SDKROOT = iphoneos;
				TARGETED_DEVICE_FAMILY = "1,2";
			};
			name = Debug;
		};
		A57E608C1D1BE159007EF7F1 /* Release */ = {
			isa = XCBuildConfiguration;
			buildSettings = {
				ALWAYS_SEARCH_USER_PATHS = NO;
				CLANG_ANALYZER_NONNULL = YES;
				CLANG_CXX_LANGUAGE_STANDARD = "gnu++0x";
				CLANG_CXX_LIBRARY = "libc++";
				CLANG_ENABLE_MODULES = YES;
				CLANG_ENABLE_OBJC_ARC = YES;
				CLANG_WARN_BOOL_CONVERSION = YES;
				CLANG_WARN_CONSTANT_CONVERSION = YES;
				CLANG_WARN_DIRECT_OBJC_ISA_USAGE = YES_ERROR;
				CLANG_WARN_EMPTY_BODY = YES;
				CLANG_WARN_ENUM_CONVERSION = YES;
				CLANG_WARN_INT_CONVERSION = YES;
				CLANG_WARN_OBJC_ROOT_CLASS = YES_ERROR;
				CLANG_WARN_UNREACHABLE_CODE = YES;
				CLANG_WARN__DUPLICATE_METHOD_MATCH = YES;
				"CODE_SIGN_IDENTITY[sdk=iphoneos*]" = "iPhone Developer";
				COPY_PHASE_STRIP = NO;
				DEBUG_INFORMATION_FORMAT = "dwarf-with-dsym";
				ENABLE_NS_ASSERTIONS = NO;
				ENABLE_STRICT_OBJC_MSGSEND = YES;
				GCC_C_LANGUAGE_STANDARD = gnu99;
				GCC_NO_COMMON_BLOCKS = YES;
				GCC_WARN_64_TO_32_BIT_CONVERSION = YES;
				GCC_WARN_ABOUT_RETURN_TYPE = YES_ERROR;
				GCC_WARN_UNDECLARED_SELECTOR = YES;
				GCC_WARN_UNINITIALIZED_AUTOS = YES_AGGRESSIVE;
				GCC_WARN_UNUSED_FUNCTION = YES;
				GCC_WARN_UNUSED_VARIABLE = YES;
				IPHONEOS_DEPLOYMENT_TARGET = 9.3;
				MTL_ENABLE_DEBUG_INFO = NO;
				SDKROOT = iphoneos;
				TARGETED_DEVICE_FAMILY = "1,2";
				VALIDATE_PRODUCT = YES;
			};
			name = Release;
		};
		A57E608E1D1BE159007EF7F1 /* Debug */ = {
			isa = XCBuildConfiguration;
			baseConfigurationReference = AE7407C7F972658D06FEA1B5 /* Pods-MonkeyFM.debug.xcconfig */;
			buildSettings = {
				ASSETCATALOG_COMPILER_APPICON_NAME = AppIcon;
				INFOPLIST_FILE = MonkeyFM/Info.plist;
				LD_RUNPATH_SEARCH_PATHS = "$(inherited) @executable_path/Frameworks";
				PRODUCT_BUNDLE_IDENTIFIER = com.firstgroupproject.MonkeyFM;
				PRODUCT_NAME = "$(TARGET_NAME)";
			};
			name = Debug;
		};
		A57E608F1D1BE159007EF7F1 /* Release */ = {
			isa = XCBuildConfiguration;
			baseConfigurationReference = 2559DFF8A5DBC5D9B69BB834 /* Pods-MonkeyFM.release.xcconfig */;
			buildSettings = {
				ASSETCATALOG_COMPILER_APPICON_NAME = AppIcon;
				INFOPLIST_FILE = MonkeyFM/Info.plist;
				LD_RUNPATH_SEARCH_PATHS = "$(inherited) @executable_path/Frameworks";
				PRODUCT_BUNDLE_IDENTIFIER = com.firstgroupproject.MonkeyFM;
				PRODUCT_NAME = "$(TARGET_NAME)";
			};
			name = Release;
		};
/* End XCBuildConfiguration section */

/* Begin XCConfigurationList section */
		A57E60711D1BE159007EF7F1 /* Build configuration list for PBXProject "MonkeyFM" */ = {
			isa = XCConfigurationList;
			buildConfigurations = (
				A57E608B1D1BE159007EF7F1 /* Debug */,
				A57E608C1D1BE159007EF7F1 /* Release */,
			);
			defaultConfigurationIsVisible = 0;
			defaultConfigurationName = Release;
		};
		A57E608D1D1BE159007EF7F1 /* Build configuration list for PBXNativeTarget "MonkeyFM" */ = {
			isa = XCConfigurationList;
			buildConfigurations = (
				A57E608E1D1BE159007EF7F1 /* Debug */,
				A57E608F1D1BE159007EF7F1 /* Release */,
			);
			defaultConfigurationIsVisible = 0;
			defaultConfigurationName = Release;
		};
/* End XCConfigurationList section */
	};
	rootObject = A57E606E1D1BE159007EF7F1 /* Project object */;
}
