// !$*UTF8*$!
{
	archiveVersion = 1;
	classes = {
	};
	objectVersion = 46;
	objects = {

/* Begin PBXBuildFile section */
		A52A91E11D1BF7FD0005E26E /* BaseViewController.m in Sources */ = {isa = PBXBuildFile; fileRef = A52A91DF1D1BF7FD0005E26E /* BaseViewController.m */; };
		A52A91E21D1BF7FD0005E26E /* BaseViewController.xib in Resources */ = {isa = PBXBuildFile; fileRef = A52A91E01D1BF7FD0005E26E /* BaseViewController.xib */; };
		A52A91E51D1BF8590005E26E /* BaseView.m in Sources */ = {isa = PBXBuildFile; fileRef = A52A91E41D1BF8590005E26E /* BaseView.m */; };
		A52A91E81D1BF86D0005E26E /* BaseModel.m in Sources */ = {isa = PBXBuildFile; fileRef = A52A91E71D1BF86D0005E26E /* BaseModel.m */; };
		A52A91ED1D1BF8FF0005E26E /* DrawerViewController.m in Sources */ = {isa = PBXBuildFile; fileRef = A52A91EB1D1BF8FF0005E26E /* DrawerViewController.m */; };
		A52A91EE1D1BF8FF0005E26E /* DrawerViewController.xib in Resources */ = {isa = PBXBuildFile; fileRef = A52A91EC1D1BF8FF0005E26E /* DrawerViewController.xib */; };
		A52A91F81D1C04C60005E26E /* RecommendViewController.m in Sources */ = {isa = PBXBuildFile; fileRef = A52A91F61D1C04C60005E26E /* RecommendViewController.m */; };
		A52A91F91D1C04C60005E26E /* RecommendViewController.xib in Resources */ = {isa = PBXBuildFile; fileRef = A52A91F71D1C04C60005E26E /* RecommendViewController.xib */; };
		A52A91FD1D1C04F40005E26E /* BaseCell.m in Sources */ = {isa = PBXBuildFile; fileRef = A52A91FB1D1C04F40005E26E /* BaseCell.m */; };
		A52A91FE1D1C04F40005E26E /* BaseCell.xib in Resources */ = {isa = PBXBuildFile; fileRef = A52A91FC1D1C04F40005E26E /* BaseCell.xib */; };
		A52A92011D1C0AD90005E26E /* BaseNavigationViewController.m in Sources */ = {isa = PBXBuildFile; fileRef = A52A92001D1C0AD90005E26E /* BaseNavigationViewController.m */; };
		A52A92031D1C13700005E26E /* left_list.png in Resources */ = {isa = PBXBuildFile; fileRef = A52A92021D1C13700005E26E /* left_list.png */; };
		A52A92071D1CBFFD0005E26E /* SWRevealViewController.m in Sources */ = {isa = PBXBuildFile; fileRef = A52A92061D1CBFFD0005E26E /* SWRevealViewController.m */; };
		A52A92091D1CC5880005E26E /* UIKit.framework in Frameworks */ = {isa = PBXBuildFile; fileRef = A52A92081D1CC5880005E26E /* UIKit.framework */; };
		A52A920B1D1CC5900005E26E /* CoreGraphics.framework in Frameworks */ = {isa = PBXBuildFile; fileRef = A52A920A1D1CC5900005E26E /* CoreGraphics.framework */; };
		A52A920D1D1CC5990005E26E /* Foundation.framework in Frameworks */ = {isa = PBXBuildFile; fileRef = A52A920C1D1CC5990005E26E /* Foundation.framework */; };
		A57E607B1D1BE159007EF7F1 /* main.m in Sources */ = {isa = PBXBuildFile; fileRef = A57E607A1D1BE159007EF7F1 /* main.m */; };
		A57E60811D1BE159007EF7F1 /* ViewController.m in Sources */ = {isa = PBXBuildFile; fileRef = A57E60801D1BE159007EF7F1 /* ViewController.m */; };
		A57E60841D1BE159007EF7F1 /* Main.storyboard in Resources */ = {isa = PBXBuildFile; fileRef = A57E60821D1BE159007EF7F1 /* Main.storyboard */; };
		A57E60861D1BE159007EF7F1 /* Assets.xcassets in Resources */ = {isa = PBXBuildFile; fileRef = A57E60851D1BE159007EF7F1 /* Assets.xcassets */; };
		A57E60891D1BE159007EF7F1 /* LaunchScreen.storyboard in Resources */ = {isa = PBXBuildFile; fileRef = A57E60871D1BE159007EF7F1 /* LaunchScreen.storyboard */; };
		D609EBD21D1CC2700042B23F /* Request.m in Sources */ = {isa = PBXBuildFile; fileRef = D609EBD11D1CC2700042B23F /* Request.m */; };
		D69460A01D1BF4E700E72309 /* AppDelegate.m in Sources */ = {isa = PBXBuildFile; fileRef = D69460881D1BF4E700E72309 /* AppDelegate.m */; };
		D69460A91D1BFADB00E72309 /* HeadView.m in Sources */ = {isa = PBXBuildFile; fileRef = D69460A81D1BFADB00E72309 /* HeadView.m */; };
		D69460AD1D1C069000E72309 /* shufflingModel.m in Sources */ = {isa = PBXBuildFile; fileRef = D69460AC1D1C069000E72309 /* shufflingModel.m */; };
		D69460B01D1C1D1B00E72309 /* shuffingNetRequest.m in Sources */ = {isa = PBXBuildFile; fileRef = D69460AF1D1C1D1B00E72309 /* shuffingNetRequest.m */; };
		D619224A1D1CCA0C0008648A /* AppDelegate.m in Sources */ = {isa = PBXBuildFile; fileRef = D61922271D1CCA0C0008648A /* AppDelegate.m */; };
		D619224B1D1CCA0C0008648A /* DrawerViewController.m in Sources */ = {isa = PBXBuildFile; fileRef = D619222A1D1CCA0C0008648A /* DrawerViewController.m */; };
		D619224C1D1CCA0C0008648A /* DrawerViewController.xib in Resources */ = {isa = PBXBuildFile; fileRef = D619222B1D1CCA0C0008648A /* DrawerViewController.xib */; };
		D619224D1D1CCA0C0008648A /* HeadView.m in Sources */ = {isa = PBXBuildFile; fileRef = D61922301D1CCA0C0008648A /* HeadView.m */; };
		D619224E1D1CCA0C0008648A /* BaseModel.m in Sources */ = {isa = PBXBuildFile; fileRef = D61922361D1CCA0C0008648A /* BaseModel.m */; };
		D619224F1D1CCA0C0008648A /* BaseView.m in Sources */ = {isa = PBXBuildFile; fileRef = D61922381D1CCA0C0008648A /* BaseView.m */; };
		D61922501D1CCA0C0008648A /* BaseViewController.m in Sources */ = {isa = PBXBuildFile; fileRef = D619223A1D1CCA0C0008648A /* BaseViewController.m */; };
		D61922511D1CCA0C0008648A /* BaseViewController.xib in Resources */ = {isa = PBXBuildFile; fileRef = D619223B1D1CCA0C0008648A /* BaseViewController.xib */; };
		D61922711D1CCAE90008648A /* ClassificationController.m in Sources */ = {isa = PBXBuildFile; fileRef = D61922671D1CCAE90008648A /* ClassificationController.m */; };
		D61922721D1CCAE90008648A /* ClassificationModel.m in Sources */ = {isa = PBXBuildFile; fileRef = D619226A1D1CCAE90008648A /* ClassificationModel.m */; };
		D61922731D1CCAE90008648A /* ClassificationCell.m in Sources */ = {isa = PBXBuildFile; fileRef = D619226D1D1CCAE90008648A /* ClassificationCell.m */; };
		D61922741D1CCAE90008648A /* ClassificationCell.xib in Resources */ = {isa = PBXBuildFile; fileRef = D619226E1D1CCAE90008648A /* ClassificationCell.xib */; };
		D61922751D1CCAE90008648A /* ClassificationView.m in Sources */ = {isa = PBXBuildFile; fileRef = D61922701D1CCAE90008648A /* ClassificationView.m */; };
		FE77B93FB716BC7ECDC6A2B6 /* libPods-MonkeyFM.a in Frameworks */ = {isa = PBXBuildFile; fileRef = 5336AFD45BF12460228CE937 /* libPods-MonkeyFM.a */; };
/* End PBXBuildFile section */

/* Begin PBXFileReference section */
		2559DFF8A5DBC5D9B69BB834 /* Pods-MonkeyFM.release.xcconfig */ = {isa = PBXFileReference; includeInIndex = 1; lastKnownFileType = text.xcconfig; name = "Pods-MonkeyFM.release.xcconfig"; path = "Pods/Target Support Files/Pods-MonkeyFM/Pods-MonkeyFM.release.xcconfig"; sourceTree = "<group>"; };
		5336AFD45BF12460228CE937 /* libPods-MonkeyFM.a */ = {isa = PBXFileReference; explicitFileType = archive.ar; includeInIndex = 0; path = "libPods-MonkeyFM.a"; sourceTree = BUILT_PRODUCTS_DIR; };

		A52A91DE1D1BF7FD0005E26E /* BaseViewController.h */ = {isa = PBXFileReference; fileEncoding = 4; lastKnownFileType = sourcecode.c.h; path = BaseViewController.h; sourceTree = "<group>"; };
		A52A91DF1D1BF7FD0005E26E /* BaseViewController.m */ = {isa = PBXFileReference; fileEncoding = 4; lastKnownFileType = sourcecode.c.objc; path = BaseViewController.m; sourceTree = "<group>"; };
		A52A91E01D1BF7FD0005E26E /* BaseViewController.xib */ = {isa = PBXFileReference; fileEncoding = 4; lastKnownFileType = file.xib; path = BaseViewController.xib; sourceTree = "<group>"; };
		A52A91E31D1BF8590005E26E /* BaseView.h */ = {isa = PBXFileReference; fileEncoding = 4; lastKnownFileType = sourcecode.c.h; path = BaseView.h; sourceTree = "<group>"; };
		A52A91E41D1BF8590005E26E /* BaseView.m */ = {isa = PBXFileReference; fileEncoding = 4; lastKnownFileType = sourcecode.c.objc; path = BaseView.m; sourceTree = "<group>"; };
		A52A91E61D1BF86D0005E26E /* BaseModel.h */ = {isa = PBXFileReference; fileEncoding = 4; lastKnownFileType = sourcecode.c.h; path = BaseModel.h; sourceTree = "<group>"; };
		A52A91E71D1BF86D0005E26E /* BaseModel.m */ = {isa = PBXFileReference; fileEncoding = 4; lastKnownFileType = sourcecode.c.objc; path = BaseModel.m; sourceTree = "<group>"; };
		A52A91EA1D1BF8FF0005E26E /* DrawerViewController.h */ = {isa = PBXFileReference; fileEncoding = 4; lastKnownFileType = sourcecode.c.h; path = DrawerViewController.h; sourceTree = "<group>"; };
		A52A91EB1D1BF8FF0005E26E /* DrawerViewController.m */ = {isa = PBXFileReference; fileEncoding = 4; lastKnownFileType = sourcecode.c.objc; path = DrawerViewController.m; sourceTree = "<group>"; };
		A52A91EC1D1BF8FF0005E26E /* DrawerViewController.xib */ = {isa = PBXFileReference; fileEncoding = 4; lastKnownFileType = file.xib; path = DrawerViewController.xib; sourceTree = "<group>"; };
		A52A91F51D1C04C60005E26E /* RecommendViewController.h */ = {isa = PBXFileReference; fileEncoding = 4; lastKnownFileType = sourcecode.c.h; path = RecommendViewController.h; sourceTree = "<group>"; };
		A52A91F61D1C04C60005E26E /* RecommendViewController.m */ = {isa = PBXFileReference; fileEncoding = 4; lastKnownFileType = sourcecode.c.objc; path = RecommendViewController.m; sourceTree = "<group>"; };
		A52A91F71D1C04C60005E26E /* RecommendViewController.xib */ = {isa = PBXFileReference; fileEncoding = 4; lastKnownFileType = file.xib; path = RecommendViewController.xib; sourceTree = "<group>"; };
		A52A91FA1D1C04F40005E26E /* BaseCell.h */ = {isa = PBXFileReference; fileEncoding = 4; lastKnownFileType = sourcecode.c.h; path = BaseCell.h; sourceTree = "<group>"; };
		A52A91FB1D1C04F40005E26E /* BaseCell.m */ = {isa = PBXFileReference; fileEncoding = 4; lastKnownFileType = sourcecode.c.objc; path = BaseCell.m; sourceTree = "<group>"; };
		A52A91FC1D1C04F40005E26E /* BaseCell.xib */ = {isa = PBXFileReference; fileEncoding = 4; lastKnownFileType = file.xib; path = BaseCell.xib; sourceTree = "<group>"; };
		A52A91FF1D1C0AD90005E26E /* BaseNavigationViewController.h */ = {isa = PBXFileReference; fileEncoding = 4; lastKnownFileType = sourcecode.c.h; path = BaseNavigationViewController.h; sourceTree = "<group>"; };
		A52A92001D1C0AD90005E26E /* BaseNavigationViewController.m */ = {isa = PBXFileReference; fileEncoding = 4; lastKnownFileType = sourcecode.c.objc; path = BaseNavigationViewController.m; sourceTree = "<group>"; };
		A52A92021D1C13700005E26E /* left_list.png */ = {isa = PBXFileReference; lastKnownFileType = image.png; path = left_list.png; sourceTree = "<group>"; };
		A52A92051D1CBFFD0005E26E /* SWRevealViewController.h */ = {isa = PBXFileReference; fileEncoding = 4; lastKnownFileType = sourcecode.c.h; path = SWRevealViewController.h; sourceTree = "<group>"; };
		A52A92061D1CBFFD0005E26E /* SWRevealViewController.m */ = {isa = PBXFileReference; fileEncoding = 4; lastKnownFileType = sourcecode.c.objc; path = SWRevealViewController.m; sourceTree = "<group>"; };
		A52A92081D1CC5880005E26E /* UIKit.framework */ = {isa = PBXFileReference; lastKnownFileType = wrapper.framework; name = UIKit.framework; path = System/Library/Frameworks/UIKit.framework; sourceTree = SDKROOT; };
		A52A920A1D1CC5900005E26E /* CoreGraphics.framework */ = {isa = PBXFileReference; lastKnownFileType = wrapper.framework; name = CoreGraphics.framework; path = System/Library/Frameworks/CoreGraphics.framework; sourceTree = SDKROOT; };
		A52A920C1D1CC5990005E26E /* Foundation.framework */ = {isa = PBXFileReference; lastKnownFileType = wrapper.framework; name = Foundation.framework; path = System/Library/Frameworks/Foundation.framework; sourceTree = SDKROOT; };
		A57E60761D1BE159007EF7F1 /* MonkeyFM.app */ = {isa = PBXFileReference; explicitFileType = wrapper.application; includeInIndex = 0; path = MonkeyFM.app; sourceTree = BUILT_PRODUCTS_DIR; };
		A57E607A1D1BE159007EF7F1 /* main.m */ = {isa = PBXFileReference; lastKnownFileType = sourcecode.c.objc; path = main.m; sourceTree = "<group>"; };
		A57E607F1D1BE159007EF7F1 /* ViewController.h */ = {isa = PBXFileReference; lastKnownFileType = sourcecode.c.h; path = ViewController.h; sourceTree = "<group>"; };
		A57E60801D1BE159007EF7F1 /* ViewController.m */ = {isa = PBXFileReference; lastKnownFileType = sourcecode.c.objc; path = ViewController.m; sourceTree = "<group>"; };
		A57E60831D1BE159007EF7F1 /* Base */ = {isa = PBXFileReference; lastKnownFileType = file.storyboard; name = Base; path = Base.lproj/Main.storyboard; sourceTree = "<group>"; };
		A57E60851D1BE159007EF7F1 /* Assets.xcassets */ = {isa = PBXFileReference; lastKnownFileType = folder.assetcatalog; path = Assets.xcassets; sourceTree = "<group>"; };
		A57E60881D1BE159007EF7F1 /* Base */ = {isa = PBXFileReference; lastKnownFileType = file.storyboard; name = Base; path = Base.lproj/LaunchScreen.storyboard; sourceTree = "<group>"; };
		A57E608A1D1BE159007EF7F1 /* Info.plist */ = {isa = PBXFileReference; lastKnownFileType = text.plist.xml; path = Info.plist; sourceTree = "<group>"; };
		AE7407C7F972658D06FEA1B5 /* Pods-MonkeyFM.debug.xcconfig */ = {isa = PBXFileReference; includeInIndex = 1; lastKnownFileType = text.xcconfig; name = "Pods-MonkeyFM.debug.xcconfig"; path = "Pods/Target Support Files/Pods-MonkeyFM/Pods-MonkeyFM.debug.xcconfig"; sourceTree = "<group>"; };
		D609EBD01D1CC2700042B23F /* Request.h */ = {isa = PBXFileReference; fileEncoding = 4; lastKnownFileType = sourcecode.c.h; path = Request.h; sourceTree = "<group>"; };
		D609EBD11D1CC2700042B23F /* Request.m */ = {isa = PBXFileReference; fileEncoding = 4; lastKnownFileType = sourcecode.c.objc; path = Request.m; sourceTree = "<group>"; };
		D69460871D1BF4E700E72309 /* AppDelegate.h */ = {isa = PBXFileReference; fileEncoding = 4; lastKnownFileType = sourcecode.c.h; path = AppDelegate.h; sourceTree = "<group>"; };
		D69460881D1BF4E700E72309 /* AppDelegate.m */ = {isa = PBXFileReference; fileEncoding = 4; lastKnownFileType = sourcecode.c.objc; path = AppDelegate.m; sourceTree = "<group>"; };
		D69460A71D1BFADB00E72309 /* HeadView.h */ = {isa = PBXFileReference; fileEncoding = 4; lastKnownFileType = sourcecode.c.h; path = HeadView.h; sourceTree = "<group>"; };
		D69460A81D1BFADB00E72309 /* HeadView.m */ = {isa = PBXFileReference; fileEncoding = 4; lastKnownFileType = sourcecode.c.objc; path = HeadView.m; sourceTree = "<group>"; };
		D69460AB1D1C069000E72309 /* shufflingModel.h */ = {isa = PBXFileReference; fileEncoding = 4; lastKnownFileType = sourcecode.c.h; path = shufflingModel.h; sourceTree = "<group>"; };
		D69460AC1D1C069000E72309 /* shufflingModel.m */ = {isa = PBXFileReference; fileEncoding = 4; lastKnownFileType = sourcecode.c.objc; path = shufflingModel.m; sourceTree = "<group>"; };
		D69460AE1D1C1D1B00E72309 /* shuffingNetRequest.h */ = {isa = PBXFileReference; fileEncoding = 4; lastKnownFileType = sourcecode.c.h; path = shuffingNetRequest.h; sourceTree = "<group>"; };
		D69460AF1D1C1D1B00E72309 /* shuffingNetRequest.m */ = {isa = PBXFileReference; fileEncoding = 4; lastKnownFileType = sourcecode.c.objc; path = shuffingNetRequest.m; sourceTree = "<group>"; };
		D69460B41D1C22B500E72309 /* URL.h */ = {isa = PBXFileReference; lastKnownFileType = sourcecode.c.h; path = URL.h; sourceTree = "<group>"; };
		D61922261D1CCA0C0008648A /* AppDelegate.h */ = {isa = PBXFileReference; fileEncoding = 4; lastKnownFileType = sourcecode.c.h; path = AppDelegate.h; sourceTree = "<group>"; };
		D61922271D1CCA0C0008648A /* AppDelegate.m */ = {isa = PBXFileReference; fileEncoding = 4; lastKnownFileType = sourcecode.c.objc; path = AppDelegate.m; sourceTree = "<group>"; };
		D61922291D1CCA0C0008648A /* DrawerViewController.h */ = {isa = PBXFileReference; fileEncoding = 4; lastKnownFileType = sourcecode.c.h; path = DrawerViewController.h; sourceTree = "<group>"; };
		D619222A1D1CCA0C0008648A /* DrawerViewController.m */ = {isa = PBXFileReference; fileEncoding = 4; lastKnownFileType = sourcecode.c.objc; path = DrawerViewController.m; sourceTree = "<group>"; };
		D619222B1D1CCA0C0008648A /* DrawerViewController.xib */ = {isa = PBXFileReference; fileEncoding = 4; lastKnownFileType = file.xib; path = DrawerViewController.xib; sourceTree = "<group>"; };
		D619222F1D1CCA0C0008648A /* HeadView.h */ = {isa = PBXFileReference; fileEncoding = 4; lastKnownFileType = sourcecode.c.h; path = HeadView.h; sourceTree = "<group>"; };
		D61922301D1CCA0C0008648A /* HeadView.m */ = {isa = PBXFileReference; fileEncoding = 4; lastKnownFileType = sourcecode.c.objc; path = HeadView.m; sourceTree = "<group>"; };
		D61922351D1CCA0C0008648A /* BaseModel.h */ = {isa = PBXFileReference; fileEncoding = 4; lastKnownFileType = sourcecode.c.h; path = BaseModel.h; sourceTree = "<group>"; };
		D61922361D1CCA0C0008648A /* BaseModel.m */ = {isa = PBXFileReference; fileEncoding = 4; lastKnownFileType = sourcecode.c.objc; path = BaseModel.m; sourceTree = "<group>"; };
		D61922371D1CCA0C0008648A /* BaseView.h */ = {isa = PBXFileReference; fileEncoding = 4; lastKnownFileType = sourcecode.c.h; path = BaseView.h; sourceTree = "<group>"; };
		D61922381D1CCA0C0008648A /* BaseView.m */ = {isa = PBXFileReference; fileEncoding = 4; lastKnownFileType = sourcecode.c.objc; path = BaseView.m; sourceTree = "<group>"; };
		D61922391D1CCA0C0008648A /* BaseViewController.h */ = {isa = PBXFileReference; fileEncoding = 4; lastKnownFileType = sourcecode.c.h; path = BaseViewController.h; sourceTree = "<group>"; };
		D619223A1D1CCA0C0008648A /* BaseViewController.m */ = {isa = PBXFileReference; fileEncoding = 4; lastKnownFileType = sourcecode.c.objc; path = BaseViewController.m; sourceTree = "<group>"; };
		D619223B1D1CCA0C0008648A /* BaseViewController.xib */ = {isa = PBXFileReference; fileEncoding = 4; lastKnownFileType = file.xib; path = BaseViewController.xib; sourceTree = "<group>"; };
		D61922661D1CCAE90008648A /* ClassificationController.h */ = {isa = PBXFileReference; fileEncoding = 4; lastKnownFileType = sourcecode.c.h; path = ClassificationController.h; sourceTree = "<group>"; };
		D61922671D1CCAE90008648A /* ClassificationController.m */ = {isa = PBXFileReference; fileEncoding = 4; lastKnownFileType = sourcecode.c.objc; path = ClassificationController.m; sourceTree = "<group>"; };
		D61922691D1CCAE90008648A /* ClassificationModel.h */ = {isa = PBXFileReference; fileEncoding = 4; lastKnownFileType = sourcecode.c.h; path = ClassificationModel.h; sourceTree = "<group>"; };
		D619226A1D1CCAE90008648A /* ClassificationModel.m */ = {isa = PBXFileReference; fileEncoding = 4; lastKnownFileType = sourcecode.c.objc; path = ClassificationModel.m; sourceTree = "<group>"; };
		D619226C1D1CCAE90008648A /* ClassificationCell.h */ = {isa = PBXFileReference; fileEncoding = 4; lastKnownFileType = sourcecode.c.h; path = ClassificationCell.h; sourceTree = "<group>"; };
		D619226D1D1CCAE90008648A /* ClassificationCell.m */ = {isa = PBXFileReference; fileEncoding = 4; lastKnownFileType = sourcecode.c.objc; path = ClassificationCell.m; sourceTree = "<group>"; };
		D619226E1D1CCAE90008648A /* ClassificationCell.xib */ = {isa = PBXFileReference; fileEncoding = 4; lastKnownFileType = file.xib; path = ClassificationCell.xib; sourceTree = "<group>"; };
		D619226F1D1CCAE90008648A /* ClassificationView.h */ = {isa = PBXFileReference; fileEncoding = 4; lastKnownFileType = sourcecode.c.h; path = ClassificationView.h; sourceTree = "<group>"; };
		D61922701D1CCAE90008648A /* ClassificationView.m */ = {isa = PBXFileReference; fileEncoding = 4; lastKnownFileType = sourcecode.c.objc; path = ClassificationView.m; sourceTree = "<group>"; };
/* End PBXFileReference section */

/* Begin PBXFrameworksBuildPhase section */
		A57E60731D1BE159007EF7F1 /* Frameworks */ = {
			isa = PBXFrameworksBuildPhase;
			buildActionMask = 2147483647;
			files = (
				A52A920D1D1CC5990005E26E /* Foundation.framework in Frameworks */,
				A52A920B1D1CC5900005E26E /* CoreGraphics.framework in Frameworks */,
				A52A92091D1CC5880005E26E /* UIKit.framework in Frameworks */,
				FE77B93FB716BC7ECDC6A2B6 /* libPods-MonkeyFM.a in Frameworks */,
			);
			runOnlyForDeploymentPostprocessing = 0;
		};
/* End PBXFrameworksBuildPhase section */

/* Begin PBXGroup section */
		56115F0FD4C90EFAF5A1BDD0 /* Pods */ = {
			isa = PBXGroup;
			children = (
				AE7407C7F972658D06FEA1B5 /* Pods-MonkeyFM.debug.xcconfig */,
				2559DFF8A5DBC5D9B69BB834 /* Pods-MonkeyFM.release.xcconfig */,
			);
			name = Pods;
			sourceTree = "<group>";
		};
		A52A91E91D1BF8CD0005E26E /* RootViewController */ = {
			isa = PBXGroup;
			children = (
				A52A91EA1D1BF8FF0005E26E /* DrawerViewController.h */,
				A52A91EB1D1BF8FF0005E26E /* DrawerViewController.m */,
				A52A91EC1D1BF8FF0005E26E /* DrawerViewController.xib */,
			);
			path = RootViewController;
			sourceTree = "<group>";
		};
		A52A91F21D1C04970005E26E /* Controller */ = {
			isa = PBXGroup;
			children = (
				A52A91F51D1C04C60005E26E /* RecommendViewController.h */,
				A52A91F61D1C04C60005E26E /* RecommendViewController.m */,
				A52A91F71D1C04C60005E26E /* RecommendViewController.xib */,
			);
			path = Controller;
			sourceTree = "<group>";
		};
		A52A91F31D1C04A60005E26E /* View */ = {
			isa = PBXGroup;
			children = (
			);
			path = View;
			sourceTree = "<group>";
		};
		A52A91F41D1C04B00005E26E /* Model */ = {
			isa = PBXGroup;
			children = (
			);
			path = Model;
			sourceTree = "<group>";
		};
		A52A92041D1CBFFD0005E26E /* SWRevealViewController */ = {
			isa = PBXGroup;
			children = (
				A52A92051D1CBFFD0005E26E /* SWRevealViewController.h */,
				A52A92061D1CBFFD0005E26E /* SWRevealViewController.m */,
			);
			path = SWRevealViewController;
			sourceTree = "<group>";
		};
		A57E606D1D1BE159007EF7F1 = {
			isa = PBXGroup;
			children = (
				A57E60781D1BE159007EF7F1 /* MonkeyFM */,
				A57E60771D1BE159007EF7F1 /* Products */,
				56115F0FD4C90EFAF5A1BDD0 /* Pods */,
				DA675FF270CCF4B89ECD1891 /* Frameworks */,
			);
			sourceTree = "<group>";
		};
		A57E60771D1BE159007EF7F1 /* Products */ = {
			isa = PBXGroup;
			children = (
				A57E60761D1BE159007EF7F1 /* MonkeyFM.app */,
			);
			name = Products;
			sourceTree = "<group>";
		};
		A57E60781D1BE159007EF7F1 /* MonkeyFM */ = {
			isa = PBXGroup;
			children = (
				A57E607F1D1BE159007EF7F1 /* ViewController.h */,
				A57E60801D1BE159007EF7F1 /* ViewController.m */,
				D61922241D1CCA0C0008648A /* Classes */,
				A57E60791D1BE159007EF7F1 /* Supporting Files */,
			);
			path = MonkeyFM;
			sourceTree = "<group>";
		};
		A57E60791D1BE159007EF7F1 /* Supporting Files */ = {
			isa = PBXGroup;
			children = (
				A57E60821D1BE159007EF7F1 /* Main.storyboard */,
				A57E60851D1BE159007EF7F1 /* Assets.xcassets */,
				A57E60871D1BE159007EF7F1 /* LaunchScreen.storyboard */,
				A57E608A1D1BE159007EF7F1 /* Info.plist */,
				A57E607A1D1BE159007EF7F1 /* main.m */,
			);
			name = "Supporting Files";
			sourceTree = "<group>";
		};
		D61922241D1CCA0C0008648A /* Classes */ = {
			isa = PBXGroup;
			children = (
				D61922251D1CCA0C0008648A /* AppDelegate */,
				D619222C1D1CCA0C0008648A /* General */,
				D619222E1D1CCA0C0008648A /* Helpers */,
				D61922311D1CCA0C0008648A /* Marco */,
				D61922321D1CCA0C0008648A /* Resources */,
				D61922331D1CCA0C0008648A /* Scenes */,
				D61922491D1CCA0C0008648A /* Vendors */,
			);
			path = Classes;
			sourceTree = "<group>";
		};
		D61922251D1CCA0C0008648A /* AppDelegate */ = {
			isa = PBXGroup;
			children = (
				D61922261D1CCA0C0008648A /* AppDelegate.h */,
				D61922271D1CCA0C0008648A /* AppDelegate.m */,
				D61922281D1CCA0C0008648A /* RootViewController */,
			);
			path = AppDelegate;
			sourceTree = "<group>";
		};
		D61922281D1CCA0C0008648A /* RootViewController */ = {
			isa = PBXGroup;
			children = (
				D61922291D1CCA0C0008648A /* DrawerViewController.h */,
				D619222A1D1CCA0C0008648A /* DrawerViewController.m */,
				D619222B1D1CCA0C0008648A /* DrawerViewController.xib */,
			);
			path = RootViewController;
			sourceTree = "<group>";
		};
		D619222C1D1CCA0C0008648A /* General */ = {
			isa = PBXGroup;
			children = (
				D619222D1D1CCA0C0008648A /* Categories */,
			);
			path = General;
			sourceTree = "<group>";
		};
		D619222D1D1CCA0C0008648A /* Categories */ = {
			isa = PBXGroup;
			children = (
			);
			path = Categories;
			sourceTree = "<group>";
		};
		D619222E1D1CCA0C0008648A /* Helpers */ = {
			isa = PBXGroup;
			children = (
				D69460A71D1BFADB00E72309 /* HeadView.h */,
				D69460A81D1BFADB00E72309 /* HeadView.m */,
				D69460AE1D1C1D1B00E72309 /* shuffingNetRequest.h */,
				D69460AF1D1C1D1B00E72309 /* shuffingNetRequest.m */,
				D609EBD01D1CC2700042B23F /* Request.h */,
				D609EBD11D1CC2700042B23F /* Request.m */,
				D69460B41D1C22B500E72309 /* URL.h */,
				D619222F1D1CCA0C0008648A /* HeadView.h */,
				D61922301D1CCA0C0008648A /* HeadView.m */,
			);
			path = Helpers;
			sourceTree = "<group>";
		};
		D61922311D1CCA0C0008648A /* Marco */ = {
			isa = PBXGroup;
			children = (
			);
			path = Marco;
			sourceTree = "<group>";
		};
		D61922321D1CCA0C0008648A /* Resources */ = {
			isa = PBXGroup;
			children = (
				A52A92021D1C13700005E26E /* left_list.png */,
			);
			path = Resources;
			sourceTree = "<group>";
		};
		D61922331D1CCA0C0008648A /* Scenes */ = {
			isa = PBXGroup;
			children = (
				D61922341D1CCA0C0008648A /* Bases（基础公共） */,
				D61922401D1CCA0C0008648A /* Discover（发现） */,
				D61922451D1CCA0C0008648A /* Mine（我的） */,
			);
			path = Scenes;
			sourceTree = "<group>";
		};
		D61922341D1CCA0C0008648A /* Bases（基础公共） */ = {
			isa = PBXGroup;
			children = (
				D61922351D1CCA0C0008648A /* BaseModel.h */,
				D61922361D1CCA0C0008648A /* BaseModel.m */,
				D61922371D1CCA0C0008648A /* BaseView.h */,
				D61922381D1CCA0C0008648A /* BaseView.m */,
				D61922391D1CCA0C0008648A /* BaseViewController.h */,
				D619223A1D1CCA0C0008648A /* BaseViewController.m */,
				D619223B1D1CCA0C0008648A /* BaseViewController.xib */,
				D619223C1D1CCA0C0008648A /* DisPlayList（展示列表） */,
				D619223D1D1CCA0C0008648A /* PlayerDetail（播放详情） */,
				D619223E1D1CCA0C0008648A /* PlayerList（播放列表） */,
				D619223F1D1CCA0C0008648A /* RadioPlayerDetail（电台播放详情） */,
				D69460921D1BF4E700E72309 /* DisPlayList（展示列表） */,
				D69460931D1BF4E700E72309 /* PlayerDetail（播放详情） */,
				D69460941D1BF4E700E72309 /* PlayerList（播放列表） */,
				D69460951D1BF4E700E72309 /* RadioPlayerDetail（电台播放详情） */,
				A52A91FA1D1C04F40005E26E /* BaseCell.h */,
				A52A91FB1D1C04F40005E26E /* BaseCell.m */,
				A52A91FC1D1C04F40005E26E /* BaseCell.xib */,
				A52A91DE1D1BF7FD0005E26E /* BaseViewController.h */,
				A52A91DF1D1BF7FD0005E26E /* BaseViewController.m */,
				A52A91E01D1BF7FD0005E26E /* BaseViewController.xib */,
				A52A91E31D1BF8590005E26E /* BaseView.h */,
				A52A91E41D1BF8590005E26E /* BaseView.m */,
				A52A91E61D1BF86D0005E26E /* BaseModel.h */,
				A52A91E71D1BF86D0005E26E /* BaseModel.m */,
				A52A91FF1D1C0AD90005E26E /* BaseNavigationViewController.h */,
				A52A92001D1C0AD90005E26E /* BaseNavigationViewController.m */,
			);
			path = "Bases（基础公共）";
			sourceTree = "<group>";
		};
		D619223C1D1CCA0C0008648A /* DisPlayList（展示列表） */ = {
			isa = PBXGroup;
			children = (
			);
			path = "DisPlayList（展示列表）";
			sourceTree = "<group>";
		};
		D619223D1D1CCA0C0008648A /* PlayerDetail（播放详情） */ = {
			isa = PBXGroup;
			children = (
			);
			path = "PlayerDetail（播放详情）";
			sourceTree = "<group>";
		};
		D619223E1D1CCA0C0008648A /* PlayerList（播放列表） */ = {
			isa = PBXGroup;
			children = (
			);
			path = "PlayerList（播放列表）";
			sourceTree = "<group>";
		};
		D619223F1D1CCA0C0008648A /* RadioPlayerDetail（电台播放详情） */ = {
			isa = PBXGroup;
			children = (
			);
			path = "RadioPlayerDetail（电台播放详情）";
			sourceTree = "<group>";
		};
		D61922401D1CCA0C0008648A /* Discover（发现） */ = {
			isa = PBXGroup;
			children = (
				D61922641D1CCAE90008648A /* Classification(分类) */,
				D61922411D1CCA0C0008648A /* Anchor（主播） */,
				D61922431D1CCA0C0008648A /* Radio（电台） */,
				D61922441D1CCA0C0008648A /* Recommend（推荐） */,
			);
			path = "Discover（发现）";
			sourceTree = "<group>";
		};
		D61922411D1CCA0C0008648A /* Anchor（主播） */ = {
			isa = PBXGroup;
			children = (
			);
			path = "Anchor（主播）";
			sourceTree = "<group>";
		};
		D61922431D1CCA0C0008648A /* Radio（电台） */ = {
			isa = PBXGroup;
			children = (
			);
			path = "Radio（电台）";
			sourceTree = "<group>";
		};
		D61922441D1CCA0C0008648A /* Recommend（推荐） */ = {
			isa = PBXGroup;
			children = (
				A52A91F41D1C04B00005E26E /* Model */,
				A52A91F31D1C04A60005E26E /* View */,
				A52A91F21D1C04970005E26E /* Controller */,
			);
			path = "Recommend（推荐）";
			sourceTree = "<group>";
		};
		D61922451D1CCA0C0008648A /* Mine（我的） */ = {
			isa = PBXGroup;
			children = (
				D61922461D1CCA0C0008648A /* Login */,
				D61922471D1CCA0C0008648A /* Register */,
				D61922481D1CCA0C0008648A /* User */,
			);
			path = "Mine（我的）";
			sourceTree = "<group>";
		};
		D61922461D1CCA0C0008648A /* Login */ = {
			isa = PBXGroup;
			children = (
			);
			path = Login;
			sourceTree = "<group>";
		};
		D61922471D1CCA0C0008648A /* Register */ = {
			isa = PBXGroup;
			children = (
			);
			path = Register;
			sourceTree = "<group>";
		};
		D61922481D1CCA0C0008648A /* User */ = {
			isa = PBXGroup;
			children = (
			);
			path = User;
			sourceTree = "<group>";
		};
		D61922491D1CCA0C0008648A /* Vendors */ = {
			isa = PBXGroup;
			children = (
				A52A92041D1CBFFD0005E26E /* SWRevealViewController */,
			);
			path = Vendors;
			sourceTree = "<group>";
		};
		D61922641D1CCAE90008648A /* Classification(分类) */ = {
			isa = PBXGroup;
			children = (
				D61922651D1CCAE90008648A /* Controller */,
				D61922681D1CCAE90008648A /* Model */,
				D619226B1D1CCAE90008648A /* View */,
			);
			path = "Classification(分类)";
			sourceTree = "<group>";
		};
		D61922651D1CCAE90008648A /* Controller */ = {
			isa = PBXGroup;
			children = (
				D61922661D1CCAE90008648A /* ClassificationController.h */,
				D61922671D1CCAE90008648A /* ClassificationController.m */,
			);
			path = Controller;
			sourceTree = "<group>";
		};
		D61922681D1CCAE90008648A /* Model */ = {
			isa = PBXGroup;
			children = (
				D61922691D1CCAE90008648A /* ClassificationModel.h */,
				D619226A1D1CCAE90008648A /* ClassificationModel.m */,
			);
			path = Model;
			sourceTree = "<group>";
		};
		D619226B1D1CCAE90008648A /* View */ = {
			isa = PBXGroup;
			children = (
				D69460AB1D1C069000E72309 /* shufflingModel.h */,
				D69460AC1D1C069000E72309 /* shufflingModel.m */,
				D619226C1D1CCAE90008648A /* ClassificationCell.h */,
				D619226D1D1CCAE90008648A /* ClassificationCell.m */,
				D619226E1D1CCAE90008648A /* ClassificationCell.xib */,
				D619226F1D1CCAE90008648A /* ClassificationView.h */,
				D61922701D1CCAE90008648A /* ClassificationView.m */,
			);
			path = View;
			sourceTree = "<group>";
		};
		DA675FF270CCF4B89ECD1891 /* Frameworks */ = {
			isa = PBXGroup;
			children = (
				A52A920C1D1CC5990005E26E /* Foundation.framework */,
				A52A920A1D1CC5900005E26E /* CoreGraphics.framework */,
				A52A92081D1CC5880005E26E /* UIKit.framework */,
				5336AFD45BF12460228CE937 /* libPods-MonkeyFM.a */,
			);
			name = Frameworks;
			sourceTree = "<group>";
		};
/* End PBXGroup section */

/* Begin PBXNativeTarget section */
		A57E60751D1BE159007EF7F1 /* MonkeyFM */ = {
			isa = PBXNativeTarget;
			buildConfigurationList = A57E608D1D1BE159007EF7F1 /* Build configuration list for PBXNativeTarget "MonkeyFM" */;
			buildPhases = (
				B691471E8C72E957D0D6912F /* 📦 Check Pods Manifest.lock */,
				309006141FFBD1332B36D266 /* [CP] Check Pods Manifest.lock */,
				A57E60721D1BE159007EF7F1 /* Sources */,
				A57E60731D1BE159007EF7F1 /* Frameworks */,
				A57E60741D1BE159007EF7F1 /* Resources */,
				CE9CC9381A3A8D1CA8EDD784 /* [CP] Embed Pods Frameworks */,
				7349BCA6BE4C8A09C2AD1868 /* [CP] Copy Pods Resources */,
				A13A89AB02A6F8CE3BED561F /* 📦 Embed Pods Frameworks */,
				BE00E1CB45AAE204C4F85B21 /* 📦 Copy Pods Resources */,
			);
			buildRules = (
			);
			dependencies = (
			);
			name = MonkeyFM;
			productName = MonkeyFM;
			productReference = A57E60761D1BE159007EF7F1 /* MonkeyFM.app */;
			productType = "com.apple.product-type.application";
		};
/* End PBXNativeTarget section */

/* Begin PBXProject section */
		A57E606E1D1BE159007EF7F1 /* Project object */ = {
			isa = PBXProject;
			attributes = {
				LastUpgradeCheck = 0730;
				ORGANIZATIONNAME = FGProject;
				TargetAttributes = {
					A57E60751D1BE159007EF7F1 = {
						CreatedOnToolsVersion = 7.3.1;
					};
				};
			};
			buildConfigurationList = A57E60711D1BE159007EF7F1 /* Build configuration list for PBXProject "MonkeyFM" */;
			compatibilityVersion = "Xcode 3.2";
			developmentRegion = English;
			hasScannedForEncodings = 0;
			knownRegions = (
				en,
				Base,
			);
			mainGroup = A57E606D1D1BE159007EF7F1;
			productRefGroup = A57E60771D1BE159007EF7F1 /* Products */;
			projectDirPath = "";
			projectRoot = "";
			targets = (
				A57E60751D1BE159007EF7F1 /* MonkeyFM */,
			);
		};
/* End PBXProject section */

/* Begin PBXResourcesBuildPhase section */
		A57E60741D1BE159007EF7F1 /* Resources */ = {
			isa = PBXResourcesBuildPhase;
			buildActionMask = 2147483647;
			files = (
				A57E60891D1BE159007EF7F1 /* LaunchScreen.storyboard in Resources */,
				D61922741D1CCAE90008648A /* ClassificationCell.xib in Resources */,
				D61922511D1CCA0C0008648A /* BaseViewController.xib in Resources */,
				D619224C1D1CCA0C0008648A /* DrawerViewController.xib in Resources */,
				A57E60861D1BE159007EF7F1 /* Assets.xcassets in Resources */,
				A52A91FE1D1C04F40005E26E /* BaseCell.xib in Resources */,
				A52A92031D1C13700005E26E /* left_list.png in Resources */,
				A57E60841D1BE159007EF7F1 /* Main.storyboard in Resources */,
				A52A91F91D1C04C60005E26E /* RecommendViewController.xib in Resources */,
			);
			runOnlyForDeploymentPostprocessing = 0;
		};
/* End PBXResourcesBuildPhase section */

/* Begin PBXShellScriptBuildPhase section */
		309006141FFBD1332B36D266 /* [CP] Check Pods Manifest.lock */ = {
			isa = PBXShellScriptBuildPhase;
			buildActionMask = 2147483647;
			files = (
			);
			inputPaths = (
			);
			name = "[CP] Check Pods Manifest.lock";
			outputPaths = (
			);
			runOnlyForDeploymentPostprocessing = 0;
			shellPath = /bin/sh;
			shellScript = "diff \"${PODS_ROOT}/../Podfile.lock\" \"${PODS_ROOT}/Manifest.lock\" > /dev/null\nif [[ $? != 0 ]] ; then\n    cat << EOM\nerror: The sandbox is not in sync with the Podfile.lock. Run 'pod install' or update your CocoaPods installation.\nEOM\n    exit 1\nfi\n";
			showEnvVarsInLog = 0;
		};
		7349BCA6BE4C8A09C2AD1868 /* [CP] Copy Pods Resources */ = {
			isa = PBXShellScriptBuildPhase;
			buildActionMask = 2147483647;
			files = (
			);
			inputPaths = (
			);
			name = "[CP] Copy Pods Resources";
			outputPaths = (
			);
			runOnlyForDeploymentPostprocessing = 0;
			shellPath = /bin/sh;
			shellScript = "\"${SRCROOT}/Pods/Target Support Files/Pods-MonkeyFM/Pods-MonkeyFM-resources.sh\"\n";
			showEnvVarsInLog = 0;
		};
		A13A89AB02A6F8CE3BED561F /* 📦 Embed Pods Frameworks */ = {
			isa = PBXShellScriptBuildPhase;
			buildActionMask = 2147483647;
			files = (
			);
			inputPaths = (
			);
			name = "📦 Embed Pods Frameworks";
			outputPaths = (
			);
			runOnlyForDeploymentPostprocessing = 0;
			shellPath = /bin/sh;
			shellScript = "\"${SRCROOT}/Pods/Target Support Files/Pods-MonkeyFM/Pods-MonkeyFM-frameworks.sh\"\n";
			showEnvVarsInLog = 0;
		};
		B691471E8C72E957D0D6912F /* 📦 Check Pods Manifest.lock */ = {
			isa = PBXShellScriptBuildPhase;
			buildActionMask = 2147483647;
			files = (
			);
			inputPaths = (
			);
			name = "📦 Check Pods Manifest.lock";
			outputPaths = (
			);
			runOnlyForDeploymentPostprocessing = 0;
			shellPath = /bin/sh;
			shellScript = "diff \"${PODS_ROOT}/../Podfile.lock\" \"${PODS_ROOT}/Manifest.lock\" > /dev/null\nif [[ $? != 0 ]] ; then\n    cat << EOM\nerror: The sandbox is not in sync with the Podfile.lock. Run 'pod install' or update your CocoaPods installation.\nEOM\n    exit 1\nfi\n";
			showEnvVarsInLog = 0;
		};
		BE00E1CB45AAE204C4F85B21 /* 📦 Copy Pods Resources */ = {
			isa = PBXShellScriptBuildPhase;
			buildActionMask = 2147483647;
			files = (
			);
			inputPaths = (
			);
			name = "📦 Copy Pods Resources";
			outputPaths = (
			);
			runOnlyForDeploymentPostprocessing = 0;
			shellPath = /bin/sh;
			shellScript = "\"${SRCROOT}/Pods/Target Support Files/Pods-MonkeyFM/Pods-MonkeyFM-resources.sh\"\n";
			showEnvVarsInLog = 0;
		};
		CE9CC9381A3A8D1CA8EDD784 /* [CP] Embed Pods Frameworks */ = {
			isa = PBXShellScriptBuildPhase;
			buildActionMask = 2147483647;
			files = (
			);
			inputPaths = (
			);
			name = "[CP] Embed Pods Frameworks";
			outputPaths = (
			);
			runOnlyForDeploymentPostprocessing = 0;
			shellPath = /bin/sh;
			shellScript = "\"${SRCROOT}/Pods/Target Support Files/Pods-MonkeyFM/Pods-MonkeyFM-frameworks.sh\"\n";
			showEnvVarsInLog = 0;
		};
/* End PBXShellScriptBuildPhase section */

/* Begin PBXSourcesBuildPhase section */
		A57E60721D1BE159007EF7F1 /* Sources */ = {
			isa = PBXSourcesBuildPhase;
			buildActionMask = 2147483647;
			files = (
				D609EBD21D1CC2700042B23F /* Request.m in Sources */,
				A52A91E81D1BF86D0005E26E /* BaseModel.m in Sources */,
				D69460B01D1C1D1B00E72309 /* shuffingNetRequest.m in Sources */,

				D619224E1D1CCA0C0008648A /* BaseModel.m in Sources */,
				D61922501D1CCA0C0008648A /* BaseViewController.m in Sources */,
				D61922751D1CCAE90008648A /* ClassificationView.m in Sources */,
				A52A92071D1CBFFD0005E26E /* SWRevealViewController.m in Sources */,
				A52A91E81D1BF86D0005E26E /* BaseModel.m in Sources */,
				A52A91F81D1C04C60005E26E /* RecommendViewController.m in Sources */,
				A52A91E11D1BF7FD0005E26E /* BaseViewController.m in Sources */,
				D69460A91D1BFADB00E72309 /* HeadView.m in Sources */,
				A52A91E51D1BF8590005E26E /* BaseView.m in Sources */,
				D69460AD1D1C069000E72309 /* shufflingModel.m in Sources */,
				A52A91ED1D1BF8FF0005E26E /* DrawerViewController.m in Sources */,
				A52A92011D1C0AD90005E26E /* BaseNavigationViewController.m in Sources */,
				A57E60811D1BE159007EF7F1 /* ViewController.m in Sources */,
				D619224F1D1CCA0C0008648A /* BaseView.m in Sources */,
				D619224D1D1CCA0C0008648A /* HeadView.m in Sources */,
				D61922711D1CCAE90008648A /* ClassificationController.m in Sources */,
				D619224B1D1CCA0C0008648A /* DrawerViewController.m in Sources */,
				D61922721D1CCAE90008648A /* ClassificationModel.m in Sources */,
				A57E607B1D1BE159007EF7F1 /* main.m in Sources */,
				D61922731D1CCAE90008648A /* ClassificationCell.m in Sources */,
				D619224A1D1CCA0C0008648A /* AppDelegate.m in Sources */,
  			A52A91FD1D1C04F40005E26E /* BaseCell.m in Sources */,
				D69460A01D1BF4E700E72309 /* AppDelegate.m in Sources */,
			);
			runOnlyForDeploymentPostprocessing = 0;
		};
/* End PBXSourcesBuildPhase section */

/* Begin PBXVariantGroup section */
		A57E60821D1BE159007EF7F1 /* Main.storyboard */ = {
			isa = PBXVariantGroup;
			children = (
				A57E60831D1BE159007EF7F1 /* Base */,
			);
			name = Main.storyboard;
			sourceTree = "<group>";
		};
		A57E60871D1BE159007EF7F1 /* LaunchScreen.storyboard */ = {
			isa = PBXVariantGroup;
			children = (
				A57E60881D1BE159007EF7F1 /* Base */,
			);
			name = LaunchScreen.storyboard;
			sourceTree = "<group>";
		};
/* End PBXVariantGroup section */

/* Begin XCBuildConfiguration section */
		A57E608B1D1BE159007EF7F1 /* Debug */ = {
			isa = XCBuildConfiguration;
			buildSettings = {
				ALWAYS_SEARCH_USER_PATHS = NO;
				CLANG_ANALYZER_NONNULL = YES;
				CLANG_CXX_LANGUAGE_STANDARD = "gnu++0x";
				CLANG_CXX_LIBRARY = "libc++";
				CLANG_ENABLE_MODULES = YES;
				CLANG_ENABLE_OBJC_ARC = YES;
				CLANG_WARN_BOOL_CONVERSION = YES;
				CLANG_WARN_CONSTANT_CONVERSION = YES;
				CLANG_WARN_DIRECT_OBJC_ISA_USAGE = YES_ERROR;
				CLANG_WARN_EMPTY_BODY = YES;
				CLANG_WARN_ENUM_CONVERSION = YES;
				CLANG_WARN_INT_CONVERSION = YES;
				CLANG_WARN_OBJC_ROOT_CLASS = YES_ERROR;
				CLANG_WARN_UNREACHABLE_CODE = YES;
				CLANG_WARN__DUPLICATE_METHOD_MATCH = YES;
				"CODE_SIGN_IDENTITY[sdk=iphoneos*]" = "iPhone Developer";
				COPY_PHASE_STRIP = NO;
				DEBUG_INFORMATION_FORMAT = dwarf;
				ENABLE_STRICT_OBJC_MSGSEND = YES;
				ENABLE_TESTABILITY = YES;
				GCC_C_LANGUAGE_STANDARD = gnu99;
				GCC_DYNAMIC_NO_PIC = NO;
				GCC_NO_COMMON_BLOCKS = YES;
				GCC_OPTIMIZATION_LEVEL = 0;
				GCC_PREPROCESSOR_DEFINITIONS = (
					"DEBUG=1",
					"$(inherited)",
				);
				GCC_WARN_64_TO_32_BIT_CONVERSION = YES;
				GCC_WARN_ABOUT_RETURN_TYPE = YES_ERROR;
				GCC_WARN_UNDECLARED_SELECTOR = YES;
				GCC_WARN_UNINITIALIZED_AUTOS = YES_AGGRESSIVE;
				GCC_WARN_UNUSED_FUNCTION = YES;
				GCC_WARN_UNUSED_VARIABLE = YES;
				IPHONEOS_DEPLOYMENT_TARGET = 9.3;
				MTL_ENABLE_DEBUG_INFO = YES;
				ONLY_ACTIVE_ARCH = YES;
				SDKROOT = iphoneos;
				TARGETED_DEVICE_FAMILY = "1,2";
			};
			name = Debug;
		};
		A57E608C1D1BE159007EF7F1 /* Release */ = {
			isa = XCBuildConfiguration;
			buildSettings = {
				ALWAYS_SEARCH_USER_PATHS = NO;
				CLANG_ANALYZER_NONNULL = YES;
				CLANG_CXX_LANGUAGE_STANDARD = "gnu++0x";
				CLANG_CXX_LIBRARY = "libc++";
				CLANG_ENABLE_MODULES = YES;
				CLANG_ENABLE_OBJC_ARC = YES;
				CLANG_WARN_BOOL_CONVERSION = YES;
				CLANG_WARN_CONSTANT_CONVERSION = YES;
				CLANG_WARN_DIRECT_OBJC_ISA_USAGE = YES_ERROR;
				CLANG_WARN_EMPTY_BODY = YES;
				CLANG_WARN_ENUM_CONVERSION = YES;
				CLANG_WARN_INT_CONVERSION = YES;
				CLANG_WARN_OBJC_ROOT_CLASS = YES_ERROR;
				CLANG_WARN_UNREACHABLE_CODE = YES;
				CLANG_WARN__DUPLICATE_METHOD_MATCH = YES;
				"CODE_SIGN_IDENTITY[sdk=iphoneos*]" = "iPhone Developer";
				COPY_PHASE_STRIP = NO;
				DEBUG_INFORMATION_FORMAT = "dwarf-with-dsym";
				ENABLE_NS_ASSERTIONS = NO;
				ENABLE_STRICT_OBJC_MSGSEND = YES;
				GCC_C_LANGUAGE_STANDARD = gnu99;
				GCC_NO_COMMON_BLOCKS = YES;
				GCC_WARN_64_TO_32_BIT_CONVERSION = YES;
				GCC_WARN_ABOUT_RETURN_TYPE = YES_ERROR;
				GCC_WARN_UNDECLARED_SELECTOR = YES;
				GCC_WARN_UNINITIALIZED_AUTOS = YES_AGGRESSIVE;
				GCC_WARN_UNUSED_FUNCTION = YES;
				GCC_WARN_UNUSED_VARIABLE = YES;
				IPHONEOS_DEPLOYMENT_TARGET = 9.3;
				MTL_ENABLE_DEBUG_INFO = NO;
				SDKROOT = iphoneos;
				TARGETED_DEVICE_FAMILY = "1,2";
				VALIDATE_PRODUCT = YES;
			};
			name = Release;
		};
		A57E608E1D1BE159007EF7F1 /* Debug */ = {
			isa = XCBuildConfiguration;
			baseConfigurationReference = AE7407C7F972658D06FEA1B5 /* Pods-MonkeyFM.debug.xcconfig */;
			buildSettings = {
				ASSETCATALOG_COMPILER_APPICON_NAME = AppIcon;
				INFOPLIST_FILE = MonkeyFM/Info.plist;
				LD_RUNPATH_SEARCH_PATHS = "$(inherited) @executable_path/Frameworks";
				PRODUCT_BUNDLE_IDENTIFIER = com.firstgroupproject.MonkeyFM;
				PRODUCT_NAME = "$(TARGET_NAME)";
			};
			name = Debug;
		};
		A57E608F1D1BE159007EF7F1 /* Release */ = {
			isa = XCBuildConfiguration;
			baseConfigurationReference = 2559DFF8A5DBC5D9B69BB834 /* Pods-MonkeyFM.release.xcconfig */;
			buildSettings = {
				ASSETCATALOG_COMPILER_APPICON_NAME = AppIcon;
				INFOPLIST_FILE = MonkeyFM/Info.plist;
				LD_RUNPATH_SEARCH_PATHS = "$(inherited) @executable_path/Frameworks";
				PRODUCT_BUNDLE_IDENTIFIER = com.firstgroupproject.MonkeyFM;
				PRODUCT_NAME = "$(TARGET_NAME)";
			};
			name = Release;
		};
/* End XCBuildConfiguration section */

/* Begin XCConfigurationList section */
		A57E60711D1BE159007EF7F1 /* Build configuration list for PBXProject "MonkeyFM" */ = {
			isa = XCConfigurationList;
			buildConfigurations = (
				A57E608B1D1BE159007EF7F1 /* Debug */,
				A57E608C1D1BE159007EF7F1 /* Release */,
			);
			defaultConfigurationIsVisible = 0;
			defaultConfigurationName = Release;
		};
		A57E608D1D1BE159007EF7F1 /* Build configuration list for PBXNativeTarget "MonkeyFM" */ = {
			isa = XCConfigurationList;
			buildConfigurations = (
				A57E608E1D1BE159007EF7F1 /* Debug */,
				A57E608F1D1BE159007EF7F1 /* Release */,
			);
			defaultConfigurationIsVisible = 0;
			defaultConfigurationName = Release;
		};
/* End XCConfigurationList section */
	};
	rootObject = A57E606E1D1BE159007EF7F1 /* Project object */;
}
